// !$*UTF8*$!
{
	archiveVersion = 1;
	classes = {
	};
	objectVersion = 48;
	objects = {

/* Begin PBXBuildFile section */
		7879586C1E5163B8005FE263 /* SwiftyJSON.framework in Frameworks */ = {isa = PBXBuildFile; fileRef = 7879586B1E5163B8005FE263 /* SwiftyJSON.framework */; };
		8420B65A1CB0EF11003829C7 /* markers.json in Resources */ = {isa = PBXBuildFile; fileRef = CB4DD3441C56DE0300BD4729 /* markers.json */; };
		8420B65B1CB0F106003829C7 /* by-location in Resources */ = {isa = PBXBuildFile; fileRef = CBE6AA2D1C83CAD00097699A /* by-location */; };
		84339B6B1CC3BFED00063C81 /* CounterView.swift in Sources */ = {isa = PBXBuildFile; fileRef = 84339B6A1CC3BFED00063C81 /* CounterView.swift */; };
		844D5BC61CC4E69000B65B83 /* FooterView.swift in Sources */ = {isa = PBXBuildFile; fileRef = 844D5BC51CC4E69000B65B83 /* FooterView.swift */; };
		845117911C7FF78E00EDE9A5 /* PhotoGalleryViewController.swift in Sources */ = {isa = PBXBuildFile; fileRef = 845117901C7FF78E00EDE9A5 /* PhotoGalleryViewController.swift */; };
		846A004E1CC53282008DDFC6 /* GalleryCloseTransition.swift in Sources */ = {isa = PBXBuildFile; fileRef = 846A004D1CC53282008DDFC6 /* GalleryCloseTransition.swift */; };
		846A00511CC53297008DDFC6 /* CGPoint.swift in Sources */ = {isa = PBXBuildFile; fileRef = 846A004F1CC53296008DDFC6 /* CGPoint.swift */; };
		846A00521CC53297008DDFC6 /* CGSize.swift in Sources */ = {isa = PBXBuildFile; fileRef = 846A00501CC53296008DDFC6 /* CGSize.swift */; };
		846A00591CC532A3008DDFC6 /* GalleryConfiguration.swift in Sources */ = {isa = PBXBuildFile; fileRef = 846A00531CC532A3008DDFC6 /* GalleryConfiguration.swift */; };
		846A005A1CC532A3008DDFC6 /* GalleryPresentTransition.swift in Sources */ = {isa = PBXBuildFile; fileRef = 846A00541CC532A3008DDFC6 /* GalleryPresentTransition.swift */; };
		846A005B1CC532A3008DDFC6 /* GallerySwipeToDismissTransition.swift in Sources */ = {isa = PBXBuildFile; fileRef = 846A00551CC532A3008DDFC6 /* GallerySwipeToDismissTransition.swift */; };
		846A005C1CC532A3008DDFC6 /* GalleryViewController.swift in Sources */ = {isa = PBXBuildFile; fileRef = 846A00561CC532A3008DDFC6 /* GalleryViewController.swift */; };
		846A005D1CC532A3008DDFC6 /* GalleryViewControllerDatasource.swift in Sources */ = {isa = PBXBuildFile; fileRef = 846A00571CC532A3008DDFC6 /* GalleryViewControllerDatasource.swift */; };
		846A005E1CC532A3008DDFC6 /* HeaderFooterLayout.swift in Sources */ = {isa = PBXBuildFile; fileRef = 846A00581CC532A3008DDFC6 /* HeaderFooterLayout.swift */; };
		846A00691CC532B2008DDFC6 /* ImageFadeInHandler.swift in Sources */ = {isa = PBXBuildFile; fileRef = 846A005F1CC532B0008DDFC6 /* ImageFadeInHandler.swift */; };
		846A006A1CC532B2008DDFC6 /* ImageProvider.swift in Sources */ = {isa = PBXBuildFile; fileRef = 846A00601CC532B1008DDFC6 /* ImageProvider.swift */; };
		846A006B1CC532B2008DDFC6 /* ImageViewController.swift in Sources */ = {isa = PBXBuildFile; fileRef = 846A00611CC532B1008DDFC6 /* ImageViewController.swift */; };
		846A006C1CC532B2008DDFC6 /* ImageViewControllerDelegate.swift in Sources */ = {isa = PBXBuildFile; fileRef = 846A00621CC532B1008DDFC6 /* ImageViewControllerDelegate.swift */; };
		846A006D1CC532B2008DDFC6 /* ImageViewControllerFactory.swift in Sources */ = {isa = PBXBuildFile; fileRef = 846A00631CC532B1008DDFC6 /* ImageViewControllerFactory.swift */; };
		846A006E1CC532B2008DDFC6 /* ImageViewer.swift in Sources */ = {isa = PBXBuildFile; fileRef = 846A00641CC532B1008DDFC6 /* ImageViewer.swift */; };
		846A006F1CC532B2008DDFC6 /* ImageViewerConfiguration.swift in Sources */ = {isa = PBXBuildFile; fileRef = 846A00651CC532B1008DDFC6 /* ImageViewerConfiguration.swift */; };
		846A00701CC532B2008DDFC6 /* ImageViewerDismissTransition.swift in Sources */ = {isa = PBXBuildFile; fileRef = 846A00661CC532B1008DDFC6 /* ImageViewerDismissTransition.swift */; };
		846A00711CC532B2008DDFC6 /* ImageViewerPresentTransition.swift in Sources */ = {isa = PBXBuildFile; fileRef = 846A00671CC532B1008DDFC6 /* ImageViewerPresentTransition.swift */; };
		846A00721CC532B2008DDFC6 /* ImageViewerSwipeToDismissTransition.swift in Sources */ = {isa = PBXBuildFile; fileRef = 846A00681CC532B1008DDFC6 /* ImageViewerSwipeToDismissTransition.swift */; };
		846A00741CC532BE008DDFC6 /* UtilityFunctions.swift in Sources */ = {isa = PBXBuildFile; fileRef = 846A00731CC532BE008DDFC6 /* UtilityFunctions.swift */; };
		84714C891CC534360038BF8C /* UIView.swift in Sources */ = {isa = PBXBuildFile; fileRef = 84714C871CC534350038BF8C /* UIView.swift */; };
		84714C8A1CC534360038BF8C /* UIViewController.swift in Sources */ = {isa = PBXBuildFile; fileRef = 84714C881CC534350038BF8C /* UIViewController.swift */; };
		848B04521C815D7400ED79E9 /* Main.storyboard in Resources */ = {isa = PBXBuildFile; fileRef = 848B04501C815D7400ED79E9 /* Main.storyboard */; };
		84C17B4A1C963E5B00D491AF /* Podfile in Resources */ = {isa = PBXBuildFile; fileRef = 84C17B491C963E5A00D491AF /* Podfile */; };
		84FFBCAA1C82971E00148118 /* GalleryCollectionViewCell.swift in Sources */ = {isa = PBXBuildFile; fileRef = 84FFBCA91C82971E00148118 /* GalleryCollectionViewCell.swift */; };
		CB3388B51C7E9DC300F61AE7 /* README.txt in Resources */ = {isa = PBXBuildFile; fileRef = CB3388B41C7E9DC300F61AE7 /* README.txt */; };
		CB5783E21C41A1A300A55D30 /* AppDelegate.swift in Sources */ = {isa = PBXBuildFile; fileRef = CB5783E11C41A1A300A55D30 /* AppDelegate.swift */; };
		CB5783E41C41A1A300A55D30 /* MapViewController.swift in Sources */ = {isa = PBXBuildFile; fileRef = CB5783E31C41A1A300A55D30 /* MapViewController.swift */; };
		CB5783E91C41A1A300A55D30 /* Assets.xcassets in Resources */ = {isa = PBXBuildFile; fileRef = CB5783E81C41A1A300A55D30 /* Assets.xcassets */; };
		CBE10BB91C82BB5E002BD357 /* HidingNavigationBarManager.swift in Sources */ = {isa = PBXBuildFile; fileRef = CBE10BB81C82BB5E002BD357 /* HidingNavigationBarManager.swift */; };
		CBE10BBB1C82BB89002BD357 /* HidingViewController.swift in Sources */ = {isa = PBXBuildFile; fileRef = CBE10BBA1C82BB89002BD357 /* HidingViewController.swift */; };
		CBE10BBF1C82BBE1002BD357 /* HidingNavigationBar.txt in Resources */ = {isa = PBXBuildFile; fileRef = CBE10BBE1C82BBE1002BD357 /* HidingNavigationBar.txt */; };
		CBE10BC31C8378AE002BD357 /* MenuTableViewController.swift in Sources */ = {isa = PBXBuildFile; fileRef = CBE10BC21C8378AE002BD357 /* MenuTableViewController.swift */; };
		CBE10BC51C8381BE002BD357 /* DataAttributionViewController.swift in Sources */ = {isa = PBXBuildFile; fileRef = CBE10BC41C8381BE002BD357 /* DataAttributionViewController.swift */; };
		CBE10BC71C8397C2002BD357 /* WKWebViewController.swift in Sources */ = {isa = PBXBuildFile; fileRef = CBE10BC61C8397C2002BD357 /* WKWebViewController.swift */; };
		D3121F59D6B7570D9E8888FC /* Pods_oldNYC_iOS.framework in Frameworks */ = {isa = PBXBuildFile; fileRef = 6544EC335517A289FC63DFD1 /* Pods_oldNYC_iOS.framework */; };
/* End PBXBuildFile section */

/* Begin PBXFileReference section */
		1A7DF0B189CA621F9C074942 /* Pods-oldNYC-iOS.debug.xcconfig */ = {isa = PBXFileReference; includeInIndex = 1; lastKnownFileType = text.xcconfig; name = "Pods-oldNYC-iOS.debug.xcconfig"; path = "Pods/Target Support Files/Pods-oldNYC-iOS/Pods-oldNYC-iOS.debug.xcconfig"; sourceTree = "<group>"; };
		33F5D03D0E8530B53358FC80 /* Pods-oldNYC-iOS.release.xcconfig */ = {isa = PBXFileReference; includeInIndex = 1; lastKnownFileType = text.xcconfig; name = "Pods-oldNYC-iOS.release.xcconfig"; path = "Pods/Target Support Files/Pods-oldNYC-iOS/Pods-oldNYC-iOS.release.xcconfig"; sourceTree = "<group>"; };
		6544EC335517A289FC63DFD1 /* Pods_oldNYC_iOS.framework */ = {isa = PBXFileReference; explicitFileType = wrapper.framework; includeInIndex = 0; path = Pods_oldNYC_iOS.framework; sourceTree = BUILT_PRODUCTS_DIR; };
		7879586B1E5163B8005FE263 /* SwiftyJSON.framework */ = {isa = PBXFileReference; lastKnownFileType = wrapper.framework; name = SwiftyJSON.framework; path = "../../../../Library/Developer/Xcode/DerivedData/oldNYC-iOS-benrnoilxwuacpbaicrvzdtzbjnz/Build/Products/Debug-iphonesimulator/SwiftyJSON/SwiftyJSON.framework"; sourceTree = "<group>"; };
		78FE1EEC1E515D5100FF3D04 /* SwiftyJSON.framework */ = {isa = PBXFileReference; lastKnownFileType = wrapper.framework; name = SwiftyJSON.framework; path = "Pods/../build/Debug-iphoneos/SwiftyJSON/SwiftyJSON.framework"; sourceTree = "<group>"; };
		78FE1EEE1E515DBF00FF3D04 /* SwiftyJSON.framework */ = {isa = PBXFileReference; lastKnownFileType = wrapper.framework; name = SwiftyJSON.framework; path = "Pods/../build/Debug-iphoneos/SwiftyJSON/SwiftyJSON.framework"; sourceTree = "<group>"; };
		84339B6A1CC3BFED00063C81 /* CounterView.swift */ = {isa = PBXFileReference; fileEncoding = 4; lastKnownFileType = sourcecode.swift; path = CounterView.swift; sourceTree = "<group>"; };
		844D5BC51CC4E69000B65B83 /* FooterView.swift */ = {isa = PBXFileReference; fileEncoding = 4; lastKnownFileType = sourcecode.swift; path = FooterView.swift; sourceTree = "<group>"; };
		845117901C7FF78E00EDE9A5 /* PhotoGalleryViewController.swift */ = {isa = PBXFileReference; fileEncoding = 4; lastKnownFileType = sourcecode.swift; path = PhotoGalleryViewController.swift; sourceTree = "<group>"; };
		846A004D1CC53282008DDFC6 /* GalleryCloseTransition.swift */ = {isa = PBXFileReference; fileEncoding = 4; lastKnownFileType = sourcecode.swift; path = GalleryCloseTransition.swift; sourceTree = "<group>"; };
		846A004F1CC53296008DDFC6 /* CGPoint.swift */ = {isa = PBXFileReference; fileEncoding = 4; lastKnownFileType = sourcecode.swift; path = CGPoint.swift; sourceTree = "<group>"; };
		846A00501CC53296008DDFC6 /* CGSize.swift */ = {isa = PBXFileReference; fileEncoding = 4; lastKnownFileType = sourcecode.swift; path = CGSize.swift; sourceTree = "<group>"; };
		846A00531CC532A3008DDFC6 /* GalleryConfiguration.swift */ = {isa = PBXFileReference; fileEncoding = 4; lastKnownFileType = sourcecode.swift; path = GalleryConfiguration.swift; sourceTree = "<group>"; };
		846A00541CC532A3008DDFC6 /* GalleryPresentTransition.swift */ = {isa = PBXFileReference; fileEncoding = 4; lastKnownFileType = sourcecode.swift; path = GalleryPresentTransition.swift; sourceTree = "<group>"; };
		846A00551CC532A3008DDFC6 /* GallerySwipeToDismissTransition.swift */ = {isa = PBXFileReference; fileEncoding = 4; lastKnownFileType = sourcecode.swift; path = GallerySwipeToDismissTransition.swift; sourceTree = "<group>"; };
		846A00561CC532A3008DDFC6 /* GalleryViewController.swift */ = {isa = PBXFileReference; fileEncoding = 4; lastKnownFileType = sourcecode.swift; path = GalleryViewController.swift; sourceTree = "<group>"; };
		846A00571CC532A3008DDFC6 /* GalleryViewControllerDatasource.swift */ = {isa = PBXFileReference; fileEncoding = 4; lastKnownFileType = sourcecode.swift; path = GalleryViewControllerDatasource.swift; sourceTree = "<group>"; };
		846A00581CC532A3008DDFC6 /* HeaderFooterLayout.swift */ = {isa = PBXFileReference; fileEncoding = 4; lastKnownFileType = sourcecode.swift; path = HeaderFooterLayout.swift; sourceTree = "<group>"; };
		846A005F1CC532B0008DDFC6 /* ImageFadeInHandler.swift */ = {isa = PBXFileReference; fileEncoding = 4; lastKnownFileType = sourcecode.swift; path = ImageFadeInHandler.swift; sourceTree = "<group>"; };
		846A00601CC532B1008DDFC6 /* ImageProvider.swift */ = {isa = PBXFileReference; fileEncoding = 4; lastKnownFileType = sourcecode.swift; path = ImageProvider.swift; sourceTree = "<group>"; };
		846A00611CC532B1008DDFC6 /* ImageViewController.swift */ = {isa = PBXFileReference; fileEncoding = 4; lastKnownFileType = sourcecode.swift; path = ImageViewController.swift; sourceTree = "<group>"; };
		846A00621CC532B1008DDFC6 /* ImageViewControllerDelegate.swift */ = {isa = PBXFileReference; fileEncoding = 4; lastKnownFileType = sourcecode.swift; path = ImageViewControllerDelegate.swift; sourceTree = "<group>"; };
		846A00631CC532B1008DDFC6 /* ImageViewControllerFactory.swift */ = {isa = PBXFileReference; fileEncoding = 4; lastKnownFileType = sourcecode.swift; path = ImageViewControllerFactory.swift; sourceTree = "<group>"; };
		846A00641CC532B1008DDFC6 /* ImageViewer.swift */ = {isa = PBXFileReference; fileEncoding = 4; lastKnownFileType = sourcecode.swift; path = ImageViewer.swift; sourceTree = "<group>"; };
		846A00651CC532B1008DDFC6 /* ImageViewerConfiguration.swift */ = {isa = PBXFileReference; fileEncoding = 4; lastKnownFileType = sourcecode.swift; path = ImageViewerConfiguration.swift; sourceTree = "<group>"; };
		846A00661CC532B1008DDFC6 /* ImageViewerDismissTransition.swift */ = {isa = PBXFileReference; fileEncoding = 4; lastKnownFileType = sourcecode.swift; path = ImageViewerDismissTransition.swift; sourceTree = "<group>"; };
		846A00671CC532B1008DDFC6 /* ImageViewerPresentTransition.swift */ = {isa = PBXFileReference; fileEncoding = 4; lastKnownFileType = sourcecode.swift; path = ImageViewerPresentTransition.swift; sourceTree = "<group>"; };
		846A00681CC532B1008DDFC6 /* ImageViewerSwipeToDismissTransition.swift */ = {isa = PBXFileReference; fileEncoding = 4; lastKnownFileType = sourcecode.swift; path = ImageViewerSwipeToDismissTransition.swift; sourceTree = "<group>"; };
		846A00731CC532BE008DDFC6 /* UtilityFunctions.swift */ = {isa = PBXFileReference; fileEncoding = 4; lastKnownFileType = sourcecode.swift; path = UtilityFunctions.swift; sourceTree = "<group>"; };
		84714C871CC534350038BF8C /* UIView.swift */ = {isa = PBXFileReference; fileEncoding = 4; lastKnownFileType = sourcecode.swift; path = UIView.swift; sourceTree = "<group>"; };
		84714C881CC534350038BF8C /* UIViewController.swift */ = {isa = PBXFileReference; fileEncoding = 4; lastKnownFileType = sourcecode.swift; path = UIViewController.swift; sourceTree = "<group>"; };
		848B04511C815D7400ED79E9 /* Base */ = {isa = PBXFileReference; lastKnownFileType = file.storyboard; name = Base; path = Base.lproj/Main.storyboard; sourceTree = "<group>"; };
		84A50E841C9A599F00833710 /* oldNYC-iOS-Bridging-Header.h */ = {isa = PBXFileReference; lastKnownFileType = sourcecode.c.h; path = "oldNYC-iOS-Bridging-Header.h"; sourceTree = "<group>"; };
		84C17B491C963E5A00D491AF /* Podfile */ = {isa = PBXFileReference; fileEncoding = 4; lastKnownFileType = text; name = Podfile; path = ../Podfile; sourceTree = "<group>"; xcLanguageSpecificationIdentifier = xcode.lang.ruby; };
		84FFBCA91C82971E00148118 /* GalleryCollectionViewCell.swift */ = {isa = PBXFileReference; fileEncoding = 4; lastKnownFileType = sourcecode.swift; path = GalleryCollectionViewCell.swift; sourceTree = "<group>"; };
		CB3388B41C7E9DC300F61AE7 /* README.txt */ = {isa = PBXFileReference; fileEncoding = 4; lastKnownFileType = text; path = README.txt; sourceTree = "<group>"; };
		CB4DD3441C56DE0300BD4729 /* markers.json */ = {isa = PBXFileReference; fileEncoding = 4; lastKnownFileType = text.json; path = markers.json; sourceTree = "<group>"; };
		CB5783DE1C41A1A300A55D30 /* oldNYC-iOS.app */ = {isa = PBXFileReference; explicitFileType = wrapper.application; includeInIndex = 0; path = "oldNYC-iOS.app"; sourceTree = BUILT_PRODUCTS_DIR; };
		CB5783E11C41A1A300A55D30 /* AppDelegate.swift */ = {isa = PBXFileReference; lastKnownFileType = sourcecode.swift; path = AppDelegate.swift; sourceTree = "<group>"; };
		CB5783E31C41A1A300A55D30 /* MapViewController.swift */ = {isa = PBXFileReference; lastKnownFileType = sourcecode.swift; path = MapViewController.swift; sourceTree = "<group>"; };
		CB5783E81C41A1A300A55D30 /* Assets.xcassets */ = {isa = PBXFileReference; lastKnownFileType = folder.assetcatalog; path = Assets.xcassets; sourceTree = "<group>"; };
		CB5783ED1C41A1A300A55D30 /* Info.plist */ = {isa = PBXFileReference; lastKnownFileType = text.plist.xml; path = Info.plist; sourceTree = "<group>"; };
		CBE10BB81C82BB5E002BD357 /* HidingNavigationBarManager.swift */ = {isa = PBXFileReference; fileEncoding = 4; lastKnownFileType = sourcecode.swift; path = HidingNavigationBarManager.swift; sourceTree = "<group>"; };
		CBE10BBA1C82BB89002BD357 /* HidingViewController.swift */ = {isa = PBXFileReference; fileEncoding = 4; lastKnownFileType = sourcecode.swift; path = HidingViewController.swift; sourceTree = "<group>"; };
		CBE10BBE1C82BBE1002BD357 /* HidingNavigationBar.txt */ = {isa = PBXFileReference; fileEncoding = 4; lastKnownFileType = text; path = HidingNavigationBar.txt; sourceTree = "<group>"; };
		CBE10BC21C8378AE002BD357 /* MenuTableViewController.swift */ = {isa = PBXFileReference; fileEncoding = 4; lastKnownFileType = sourcecode.swift; path = MenuTableViewController.swift; sourceTree = "<group>"; };
		CBE10BC41C8381BE002BD357 /* DataAttributionViewController.swift */ = {isa = PBXFileReference; fileEncoding = 4; lastKnownFileType = sourcecode.swift; path = DataAttributionViewController.swift; sourceTree = "<group>"; };
		CBE10BC61C8397C2002BD357 /* WKWebViewController.swift */ = {isa = PBXFileReference; fileEncoding = 4; lastKnownFileType = sourcecode.swift; path = WKWebViewController.swift; sourceTree = "<group>"; };
		CBE6AA2D1C83CAD00097699A /* by-location */ = {isa = PBXFileReference; lastKnownFileType = folder; path = "by-location"; sourceTree = "<group>"; };
/* End PBXFileReference section */

/* Begin PBXFrameworksBuildPhase section */
		CB5783DB1C41A1A300A55D30 /* Frameworks */ = {
			isa = PBXFrameworksBuildPhase;
			buildActionMask = 2147483647;
			files = (
				7879586C1E5163B8005FE263 /* SwiftyJSON.framework in Frameworks */,
				D3121F59D6B7570D9E8888FC /* Pods_oldNYC_iOS.framework in Frameworks */,
			);
			runOnlyForDeploymentPostprocessing = 0;
		};
/* End PBXFrameworksBuildPhase section */

/* Begin PBXGroup section */
		003464F679F261364D4378CC /* Frameworks */ = {
			isa = PBXGroup;
			children = (
				7879586B1E5163B8005FE263 /* SwiftyJSON.framework */,
				78FE1EEE1E515DBF00FF3D04 /* SwiftyJSON.framework */,
				78FE1EEC1E515D5100FF3D04 /* SwiftyJSON.framework */,
				6544EC335517A289FC63DFD1 /* Pods_oldNYC_iOS.framework */,
			);
			name = Frameworks;
			sourceTree = "<group>";
		};
		CB5783D51C41A1A300A55D30 = {
			isa = PBXGroup;
			children = (
				CB5783E01C41A1A300A55D30 /* OldNYC */,
				CB5783DF1C41A1A300A55D30 /* Products */,
				003464F679F261364D4378CC /* Frameworks */,
				E28292EC4F43BBC2F4DC5A45 /* Pods */,
			);
			sourceTree = "<group>";
		};
		CB5783DF1C41A1A300A55D30 /* Products */ = {
			isa = PBXGroup;
			children = (
				CB5783DE1C41A1A300A55D30 /* oldNYC-iOS.app */,
			);
			name = Products;
			sourceTree = "<group>";
		};
		CB5783E01C41A1A300A55D30 /* OldNYC */ = {
			isa = PBXGroup;
			children = (
				846A00731CC532BE008DDFC6 /* UtilityFunctions.swift */,
				84714C871CC534350038BF8C /* UIView.swift */,
				84714C881CC534350038BF8C /* UIViewController.swift */,
				846A005F1CC532B0008DDFC6 /* ImageFadeInHandler.swift */,
				846A00601CC532B1008DDFC6 /* ImageProvider.swift */,
				846A00611CC532B1008DDFC6 /* ImageViewController.swift */,
				846A00621CC532B1008DDFC6 /* ImageViewControllerDelegate.swift */,
				846A00631CC532B1008DDFC6 /* ImageViewControllerFactory.swift */,
				846A00641CC532B1008DDFC6 /* ImageViewer.swift */,
				846A00651CC532B1008DDFC6 /* ImageViewerConfiguration.swift */,
				846A00661CC532B1008DDFC6 /* ImageViewerDismissTransition.swift */,
				846A00671CC532B1008DDFC6 /* ImageViewerPresentTransition.swift */,
				846A00681CC532B1008DDFC6 /* ImageViewerSwipeToDismissTransition.swift */,
				846A00531CC532A3008DDFC6 /* GalleryConfiguration.swift */,
				846A00541CC532A3008DDFC6 /* GalleryPresentTransition.swift */,
				846A00551CC532A3008DDFC6 /* GallerySwipeToDismissTransition.swift */,
				846A00561CC532A3008DDFC6 /* GalleryViewController.swift */,
				846A00571CC532A3008DDFC6 /* GalleryViewControllerDatasource.swift */,
				846A00581CC532A3008DDFC6 /* HeaderFooterLayout.swift */,
				846A004F1CC53296008DDFC6 /* CGPoint.swift */,
				846A00501CC53296008DDFC6 /* CGSize.swift */,
				846A004D1CC53282008DDFC6 /* GalleryCloseTransition.swift */,
				CBE6AA2D1C83CAD00097699A /* by-location */,
				CB3388B41C7E9DC300F61AE7 /* README.txt */,
				CB4DD3441C56DE0300BD4729 /* markers.json */,
				84C17B491C963E5A00D491AF /* Podfile */,
				CB5783E11C41A1A300A55D30 /* AppDelegate.swift */,
				CB5783E31C41A1A300A55D30 /* MapViewController.swift */,
				CBE10BC21C8378AE002BD357 /* MenuTableViewController.swift */,
				CBE10BC41C8381BE002BD357 /* DataAttributionViewController.swift */,
				84339B6A1CC3BFED00063C81 /* CounterView.swift */,
				844D5BC51CC4E69000B65B83 /* FooterView.swift */,
				845117901C7FF78E00EDE9A5 /* PhotoGalleryViewController.swift */,
				84FFBCA91C82971E00148118 /* GalleryCollectionViewCell.swift */,
				84A50E841C9A599F00833710 /* oldNYC-iOS-Bridging-Header.h */,
				848B04501C815D7400ED79E9 /* Main.storyboard */,
				CBE10BC61C8397C2002BD357 /* WKWebViewController.swift */,
				CB5783ED1C41A1A300A55D30 /* Info.plist */,
				CB5783E81C41A1A300A55D30 /* Assets.xcassets */,
				CBE10BBD1C82BBC2002BD357 /* HidingNavigationBar */,
			);
			name = OldNYC;
			path = "oldNYC-iOS";
			sourceTree = "<group>";
		};
		CBE10BBD1C82BBC2002BD357 /* HidingNavigationBar */ = {
			isa = PBXGroup;
			children = (
				CBE10BB81C82BB5E002BD357 /* HidingNavigationBarManager.swift */,
				CBE10BBA1C82BB89002BD357 /* HidingViewController.swift */,
				CBE10BBE1C82BBE1002BD357 /* HidingNavigationBar.txt */,
			);
			name = HidingNavigationBar;
			sourceTree = "<group>";
		};
		E28292EC4F43BBC2F4DC5A45 /* Pods */ = {
			isa = PBXGroup;
			children = (
				1A7DF0B189CA621F9C074942 /* Pods-oldNYC-iOS.debug.xcconfig */,
				33F5D03D0E8530B53358FC80 /* Pods-oldNYC-iOS.release.xcconfig */,
			);
			name = Pods;
			sourceTree = "<group>";
		};
/* End PBXGroup section */

/* Begin PBXNativeTarget section */
		CB5783DD1C41A1A300A55D30 /* oldNYC-iOS */ = {
			isa = PBXNativeTarget;
			buildConfigurationList = CB5783F01C41A1A300A55D30 /* Build configuration list for PBXNativeTarget "oldNYC-iOS" */;
			buildPhases = (
				69B3D85D6DA416C39FEB7B0C /* [CP] Check Pods Manifest.lock */,
				CB5783DA1C41A1A300A55D30 /* Sources */,
				CB5783DB1C41A1A300A55D30 /* Frameworks */,
				CB5783DC1C41A1A300A55D30 /* Resources */,
				59B508A5D5DE03D3EE2C0B97 /* [CP] Embed Pods Frameworks */,
				BF8FFE17D295256651333B41 /* [CP] Copy Pods Resources */,
				78CBD52A1E7643AA0095CAC9 /* Run Script */,
			);
			buildRules = (
			);
			dependencies = (
			);
			name = "oldNYC-iOS";
			productName = "oldNYC-iOS";
			productReference = CB5783DE1C41A1A300A55D30 /* oldNYC-iOS.app */;
			productType = "com.apple.product-type.application";
		};
/* End PBXNativeTarget section */

/* Begin PBXProject section */
		CB5783D61C41A1A300A55D30 /* Project object */ = {
			isa = PBXProject;
			attributes = {
				LastSwiftUpdateCheck = 0720;
				LastUpgradeCheck = 1010;
				ORGANIZATIONNAME = OldNYC;
				TargetAttributes = {
					CB5783DD1C41A1A300A55D30 = {
						CreatedOnToolsVersion = 7.2;
						LastSwiftMigration = 0820;
					};
				};
			};
			buildConfigurationList = CB5783D91C41A1A300A55D30 /* Build configuration list for PBXProject "oldNYC-iOS" */;
			compatibilityVersion = "Xcode 8.0";
			developmentRegion = English;
			hasScannedForEncodings = 0;
			knownRegions = (
				en,
				Base,
			);
			mainGroup = CB5783D51C41A1A300A55D30;
			productRefGroup = CB5783DF1C41A1A300A55D30 /* Products */;
			projectDirPath = "";
			projectRoot = "";
			targets = (
				CB5783DD1C41A1A300A55D30 /* oldNYC-iOS */,
			);
		};
/* End PBXProject section */

/* Begin PBXResourcesBuildPhase section */
		CB5783DC1C41A1A300A55D30 /* Resources */ = {
			isa = PBXResourcesBuildPhase;
			buildActionMask = 2147483647;
			files = (
				8420B65B1CB0F106003829C7 /* by-location in Resources */,
				8420B65A1CB0EF11003829C7 /* markers.json in Resources */,
				CB3388B51C7E9DC300F61AE7 /* README.txt in Resources */,
				CB5783E91C41A1A300A55D30 /* Assets.xcassets in Resources */,
				848B04521C815D7400ED79E9 /* Main.storyboard in Resources */,
				CBE10BBF1C82BBE1002BD357 /* HidingNavigationBar.txt in Resources */,
				84C17B4A1C963E5B00D491AF /* Podfile in Resources */,
			);
			runOnlyForDeploymentPostprocessing = 0;
		};
/* End PBXResourcesBuildPhase section */

/* Begin PBXShellScriptBuildPhase section */
		59B508A5D5DE03D3EE2C0B97 /* [CP] Embed Pods Frameworks */ = {
			isa = PBXShellScriptBuildPhase;
			buildActionMask = 2147483647;
			files = (
			);
			inputPaths = (
			);
			name = "[CP] Embed Pods Frameworks";
			outputPaths = (
			);
			runOnlyForDeploymentPostprocessing = 0;
			shellPath = /bin/sh;
			shellScript = "\"${SRCROOT}/Pods/Target Support Files/Pods-oldNYC-iOS/Pods-oldNYC-iOS-frameworks.sh\"\n";
			showEnvVarsInLog = 0;
		};
		69B3D85D6DA416C39FEB7B0C /* [CP] Check Pods Manifest.lock */ = {
			isa = PBXShellScriptBuildPhase;
			buildActionMask = 2147483647;
			files = (
			);
			inputPaths = (
			);
			name = "[CP] Check Pods Manifest.lock";
			outputPaths = (
			);
			runOnlyForDeploymentPostprocessing = 0;
			shellPath = /bin/sh;
			shellScript = "diff \"${PODS_ROOT}/../Podfile.lock\" \"${PODS_ROOT}/Manifest.lock\" > /dev/null\nif [ $? != 0 ] ; then\n    # print error to STDERR\n    echo \"error: The sandbox is not in sync with the Podfile.lock. Run 'pod install' or update your CocoaPods installation.\" >&2\n    exit 1\nfi\n";
			showEnvVarsInLog = 0;
		};
		78CBD52A1E7643AA0095CAC9 /* Run Script */ = {
			isa = PBXShellScriptBuildPhase;
			buildActionMask = 2147483647;
			files = (
			);
			inputPaths = (
			);
			name = "Run Script";
			outputPaths = (
			);
			runOnlyForDeploymentPostprocessing = 0;
			shellPath = /bin/sh;
			shellScript = "\"${PODS_ROOT}/Fabric/run\" fa9c26a0f9a79081fd5be67c41089bf88b277baa 2a5c4317b681c7b7f3e2f8ae13b6e7b3c9e6d3d6178f6a365bbeb5b6f2436c91";
		};
		BF8FFE17D295256651333B41 /* [CP] Copy Pods Resources */ = {
			isa = PBXShellScriptBuildPhase;
			buildActionMask = 2147483647;
			files = (
			);
			inputPaths = (
			);
			name = "[CP] Copy Pods Resources";
			outputPaths = (
			);
			runOnlyForDeploymentPostprocessing = 0;
			shellPath = /bin/sh;
			shellScript = "\"${SRCROOT}/Pods/Target Support Files/Pods-oldNYC-iOS/Pods-oldNYC-iOS-resources.sh\"\n";
			showEnvVarsInLog = 0;
		};
/* End PBXShellScriptBuildPhase section */

/* Begin PBXSourcesBuildPhase section */
		CB5783DA1C41A1A300A55D30 /* Sources */ = {
			isa = PBXSourcesBuildPhase;
			buildActionMask = 2147483647;
			files = (
				CB5783E41C41A1A300A55D30 /* MapViewController.swift in Sources */,
				84FFBCAA1C82971E00148118 /* GalleryCollectionViewCell.swift in Sources */,
				846A005B1CC532A3008DDFC6 /* GallerySwipeToDismissTransition.swift in Sources */,
				CBE10BC31C8378AE002BD357 /* MenuTableViewController.swift in Sources */,
				CB5783E21C41A1A300A55D30 /* AppDelegate.swift in Sources */,
				846A005C1CC532A3008DDFC6 /* GalleryViewController.swift in Sources */,
				846A00721CC532B2008DDFC6 /* ImageViewerSwipeToDismissTransition.swift in Sources */,
				846A006E1CC532B2008DDFC6 /* ImageViewer.swift in Sources */,
				84714C8A1CC534360038BF8C /* UIViewController.swift in Sources */,
				846A005D1CC532A3008DDFC6 /* GalleryViewControllerDatasource.swift in Sources */,
				846A00711CC532B2008DDFC6 /* ImageViewerPresentTransition.swift in Sources */,
				CBE10BB91C82BB5E002BD357 /* HidingNavigationBarManager.swift in Sources */,
				846A00691CC532B2008DDFC6 /* ImageFadeInHandler.swift in Sources */,
				84714C891CC534360038BF8C /* UIView.swift in Sources */,
				CBE10BC51C8381BE002BD357 /* DataAttributionViewController.swift in Sources */,
				846A00521CC53297008DDFC6 /* CGSize.swift in Sources */,
				CBE10BBB1C82BB89002BD357 /* HidingViewController.swift in Sources */,
				846A006A1CC532B2008DDFC6 /* ImageProvider.swift in Sources */,
				845117911C7FF78E00EDE9A5 /* PhotoGalleryViewController.swift in Sources */,
				846A004E1CC53282008DDFC6 /* GalleryCloseTransition.swift in Sources */,
				846A00511CC53297008DDFC6 /* CGPoint.swift in Sources */,
				CBE10BC71C8397C2002BD357 /* WKWebViewController.swift in Sources */,
				846A00701CC532B2008DDFC6 /* ImageViewerDismissTransition.swift in Sources */,
				846A00591CC532A3008DDFC6 /* GalleryConfiguration.swift in Sources */,
				84339B6B1CC3BFED00063C81 /* CounterView.swift in Sources */,
				846A006C1CC532B2008DDFC6 /* ImageViewControllerDelegate.swift in Sources */,
				846A005E1CC532A3008DDFC6 /* HeaderFooterLayout.swift in Sources */,
				846A005A1CC532A3008DDFC6 /* GalleryPresentTransition.swift in Sources */,
				846A006B1CC532B2008DDFC6 /* ImageViewController.swift in Sources */,
				846A006D1CC532B2008DDFC6 /* ImageViewControllerFactory.swift in Sources */,
				846A006F1CC532B2008DDFC6 /* ImageViewerConfiguration.swift in Sources */,
				846A00741CC532BE008DDFC6 /* UtilityFunctions.swift in Sources */,
				844D5BC61CC4E69000B65B83 /* FooterView.swift in Sources */,
			);
			runOnlyForDeploymentPostprocessing = 0;
		};
/* End PBXSourcesBuildPhase section */

/* Begin PBXVariantGroup section */
		848B04501C815D7400ED79E9 /* Main.storyboard */ = {
			isa = PBXVariantGroup;
			children = (
				848B04511C815D7400ED79E9 /* Base */,
			);
			name = Main.storyboard;
			sourceTree = "<group>";
		};
/* End PBXVariantGroup section */

/* Begin XCBuildConfiguration section */
		CB5783EE1C41A1A300A55D30 /* Debug */ = {
			isa = XCBuildConfiguration;
			buildSettings = {
				ALWAYS_EMBED_SWIFT_STANDARD_LIBRARIES = YES;
				ALWAYS_SEARCH_USER_PATHS = NO;
				CLANG_ALLOW_NON_MODULAR_INCLUDES_IN_FRAMEWORK_MODULES = NO;
				CLANG_CXX_LANGUAGE_STANDARD = "gnu++0x";
				CLANG_CXX_LIBRARY = "libc++";
				CLANG_ENABLE_MODULES = YES;
				CLANG_ENABLE_OBJC_ARC = YES;
				CLANG_WARN_BLOCK_CAPTURE_AUTORELEASING = YES;
				CLANG_WARN_BOOL_CONVERSION = YES;
				CLANG_WARN_COMMA = YES;
				CLANG_WARN_CONSTANT_CONVERSION = YES;
				CLANG_WARN_DEPRECATED_OBJC_IMPLEMENTATIONS = YES;
				CLANG_WARN_DIRECT_OBJC_ISA_USAGE = YES_ERROR;
				CLANG_WARN_EMPTY_BODY = YES;
				CLANG_WARN_ENUM_CONVERSION = YES;
				CLANG_WARN_INFINITE_RECURSION = YES;
				CLANG_WARN_INT_CONVERSION = YES;
				CLANG_WARN_NON_LITERAL_NULL_CONVERSION = YES;
				CLANG_WARN_OBJC_IMPLICIT_RETAIN_SELF = YES;
				CLANG_WARN_OBJC_LITERAL_CONVERSION = YES;
				CLANG_WARN_OBJC_ROOT_CLASS = YES_ERROR;
				CLANG_WARN_RANGE_LOOP_ANALYSIS = YES;
				CLANG_WARN_STRICT_PROTOTYPES = YES;
				CLANG_WARN_SUSPICIOUS_MOVE = YES;
				CLANG_WARN_UNREACHABLE_CODE = YES;
				CLANG_WARN__DUPLICATE_METHOD_MATCH = YES;
				"CODE_SIGN_IDENTITY[sdk=iphoneos*]" = "iPhone Developer";
				COPY_PHASE_STRIP = NO;
				DEBUG_INFORMATION_FORMAT = "dwarf-with-dsym";
				ENABLE_BITCODE = NO;
				ENABLE_STRICT_OBJC_MSGSEND = YES;
				ENABLE_TESTABILITY = YES;
				FRAMEWORK_SEARCH_PATHS = "$(SRCROOT)/**";
				GCC_C_LANGUAGE_STANDARD = gnu99;
				GCC_DYNAMIC_NO_PIC = NO;
				GCC_NO_COMMON_BLOCKS = YES;
				GCC_OPTIMIZATION_LEVEL = 0;
				GCC_PREPROCESSOR_DEFINITIONS = (
					"DEBUG=1",
					"$(inherited)",
				);
				GCC_WARN_64_TO_32_BIT_CONVERSION = YES;
				GCC_WARN_ABOUT_RETURN_TYPE = YES_ERROR;
				GCC_WARN_UNDECLARED_SELECTOR = YES;
				GCC_WARN_UNINITIALIZED_AUTOS = YES_AGGRESSIVE;
				GCC_WARN_UNUSED_FUNCTION = YES;
				GCC_WARN_UNUSED_VARIABLE = YES;
				HEADER_SEARCH_PATHS = "$(SRCROOT)/**";
				IPHONEOS_DEPLOYMENT_TARGET = 9.0;
				MTL_ENABLE_DEBUG_INFO = YES;
				ONLY_ACTIVE_ARCH = YES;
				SDKROOT = iphoneos;
				SWIFT_OBJC_BRIDGING_HEADER = "";
				SWIFT_OPTIMIZATION_LEVEL = "-Onone";
				TARGETED_DEVICE_FAMILY = "1,2";
				USER_HEADER_SEARCH_PATHS = "Pods/**";
				VALID_ARCHS = "arm64 armv7 armv7s i386 x86_64";
			};
			name = Debug;
		};
		CB5783EF1C41A1A300A55D30 /* Release */ = {
			isa = XCBuildConfiguration;
			buildSettings = {
				ALWAYS_EMBED_SWIFT_STANDARD_LIBRARIES = YES;
				ALWAYS_SEARCH_USER_PATHS = NO;
				CLANG_ALLOW_NON_MODULAR_INCLUDES_IN_FRAMEWORK_MODULES = NO;
				CLANG_CXX_LANGUAGE_STANDARD = "gnu++0x";
				CLANG_CXX_LIBRARY = "libc++";
				CLANG_ENABLE_MODULES = YES;
				CLANG_ENABLE_OBJC_ARC = YES;
				CLANG_WARN_BLOCK_CAPTURE_AUTORELEASING = YES;
				CLANG_WARN_BOOL_CONVERSION = YES;
				CLANG_WARN_COMMA = YES;
				CLANG_WARN_CONSTANT_CONVERSION = YES;
				CLANG_WARN_DEPRECATED_OBJC_IMPLEMENTATIONS = YES;
				CLANG_WARN_DIRECT_OBJC_ISA_USAGE = YES_ERROR;
				CLANG_WARN_EMPTY_BODY = YES;
				CLANG_WARN_ENUM_CONVERSION = YES;
				CLANG_WARN_INFINITE_RECURSION = YES;
				CLANG_WARN_INT_CONVERSION = YES;
				CLANG_WARN_NON_LITERAL_NULL_CONVERSION = YES;
				CLANG_WARN_OBJC_IMPLICIT_RETAIN_SELF = YES;
				CLANG_WARN_OBJC_LITERAL_CONVERSION = YES;
				CLANG_WARN_OBJC_ROOT_CLASS = YES_ERROR;
				CLANG_WARN_RANGE_LOOP_ANALYSIS = YES;
				CLANG_WARN_STRICT_PROTOTYPES = YES;
				CLANG_WARN_SUSPICIOUS_MOVE = YES;
				CLANG_WARN_UNREACHABLE_CODE = YES;
				CLANG_WARN__DUPLICATE_METHOD_MATCH = YES;
				"CODE_SIGN_IDENTITY[sdk=iphoneos*]" = "iPhone Developer";
				COPY_PHASE_STRIP = NO;
				DEBUG_INFORMATION_FORMAT = "dwarf-with-dsym";
				ENABLE_BITCODE = NO;
				ENABLE_NS_ASSERTIONS = NO;
				ENABLE_STRICT_OBJC_MSGSEND = YES;
				FRAMEWORK_SEARCH_PATHS = "$(SRCROOT)/**";
				GCC_C_LANGUAGE_STANDARD = gnu99;
				GCC_NO_COMMON_BLOCKS = YES;
				GCC_WARN_64_TO_32_BIT_CONVERSION = YES;
				GCC_WARN_ABOUT_RETURN_TYPE = YES_ERROR;
				GCC_WARN_UNDECLARED_SELECTOR = YES;
				GCC_WARN_UNINITIALIZED_AUTOS = YES_AGGRESSIVE;
				GCC_WARN_UNUSED_FUNCTION = YES;
				GCC_WARN_UNUSED_VARIABLE = YES;
				HEADER_SEARCH_PATHS = "$(SRCROOT)/**";
				IPHONEOS_DEPLOYMENT_TARGET = 9.0;
				MTL_ENABLE_DEBUG_INFO = NO;
				ONLY_ACTIVE_ARCH = NO;
				SDKROOT = iphoneos;
				SWIFT_OBJC_BRIDGING_HEADER = "";
				SWIFT_OPTIMIZATION_LEVEL = "-Owholemodule";
				TARGETED_DEVICE_FAMILY = "1,2";
				USER_HEADER_SEARCH_PATHS = "Pods/**";
				VALIDATE_PRODUCT = YES;
				VALID_ARCHS = "arm64 armv7 armv7s i386 x86_64";
			};
			name = Release;
		};
		CB5783F11C41A1A300A55D30 /* Debug */ = {
			isa = XCBuildConfiguration;
			baseConfigurationReference = 1A7DF0B189CA621F9C074942 /* Pods-oldNYC-iOS.debug.xcconfig */;
			buildSettings = {
				ALWAYS_SEARCH_USER_PATHS = NO;
				ASSETCATALOG_COMPILER_APPICON_NAME = AppIcon;
				ASSETCATALOG_COMPILER_LAUNCHIMAGE_NAME = LaunchImage;
				CLANG_ENABLE_MODULES = YES;
				CODE_SIGN_IDENTITY = "iPhone Developer";
				"CODE_SIGN_IDENTITY[sdk=iphoneos*]" = "iPhone Developer";
				DEVELOPMENT_TEAM = 397HLL8JUB;
				ENABLE_BITCODE = NO;
				FRAMEWORK_SEARCH_PATHS = (
					"$(inherited)/**",
					"$(PROJECT_DIR)/build/Debug-iphoneos/SwiftyJSON",
				);
				HEADER_SEARCH_PATHS = "$(inherited)/**";
				INFOPLIST_FILE = "oldNYC-iOS/Info.plist";
				IPHONEOS_DEPLOYMENT_TARGET = 12.1;
				LD_RUNPATH_SEARCH_PATHS = "$(inherited) @executable_path/Frameworks";
				MACOSX_DEPLOYMENT_TARGET = 10.11;
				ONLY_ACTIVE_ARCH = NO;
				PRODUCT_BUNDLE_IDENTIFIER = "OldNYC.oldNYC-iOS";
				PRODUCT_NAME = "$(TARGET_NAME)";
				PROVISIONING_PROFILE = "";
				SWIFT_INSTALL_OBJC_HEADER = YES;
				SWIFT_OBJC_BRIDGING_HEADER = "";
				SWIFT_OPTIMIZATION_LEVEL = "-Onone";
				SWIFT_VERSION = 3.0;
				TARGETED_DEVICE_FAMILY = "1,2";
				USER_HEADER_SEARCH_PATHS = "$(inherited)/**";
			};
			name = Debug;
		};
		CB5783F21C41A1A300A55D30 /* Release */ = {
			isa = XCBuildConfiguration;
			baseConfigurationReference = 33F5D03D0E8530B53358FC80 /* Pods-oldNYC-iOS.release.xcconfig */;
			buildSettings = {
				ALWAYS_SEARCH_USER_PATHS = NO;
				ASSETCATALOG_COMPILER_APPICON_NAME = AppIcon;
				ASSETCATALOG_COMPILER_LAUNCHIMAGE_NAME = LaunchImage;
				CLANG_ENABLE_MODULES = YES;
				CODE_SIGN_IDENTITY = "iPhone Developer";
				"CODE_SIGN_IDENTITY[sdk=iphoneos*]" = "iPhone Developer";
				DEVELOPMENT_TEAM = 397HLL8JUB;
				ENABLE_BITCODE = NO;
				FRAMEWORK_SEARCH_PATHS = (
					"$(inherited)/**",
					"$(PROJECT_DIR)/build/Debug-iphoneos/SwiftyJSON",
				);
				HEADER_SEARCH_PATHS = "$(inherited)/**";
				INFOPLIST_FILE = "oldNYC-iOS/Info.plist";
				IPHONEOS_DEPLOYMENT_TARGET = 12.1;
				LD_RUNPATH_SEARCH_PATHS = "$(inherited) @executable_path/Frameworks";
				MACOSX_DEPLOYMENT_TARGET = 10.11;
				PRODUCT_BUNDLE_IDENTIFIER = "OldNYC.oldNYC-iOS";
				PRODUCT_NAME = "$(TARGET_NAME)";
				PROVISIONING_PROFILE = "";
				SWIFT_INSTALL_OBJC_HEADER = YES;
				SWIFT_OBJC_BRIDGING_HEADER = "";
				SWIFT_VERSION = 3.0;
				TARGETED_DEVICE_FAMILY = "1,2";
				USER_HEADER_SEARCH_PATHS = "$(inherited)/**";
				VALID_ARCHS = "arm64 armv7 armv7s";
			};
			name = Release;
		};
/* End XCBuildConfiguration section */

/* Begin XCConfigurationList section */
		CB5783D91C41A1A300A55D30 /* Build configuration list for PBXProject "oldNYC-iOS" */ = {
			isa = XCConfigurationList;
			buildConfigurations = (
				CB5783EE1C41A1A300A55D30 /* Debug */,
				CB5783EF1C41A1A300A55D30 /* Release */,
			);
			defaultConfigurationIsVisible = 0;
			defaultConfigurationName = Release;
		};
		CB5783F01C41A1A300A55D30 /* Build configuration list for PBXNativeTarget "oldNYC-iOS" */ = {
			isa = XCConfigurationList;
			buildConfigurations = (
				CB5783F11C41A1A300A55D30 /* Debug */,
				CB5783F21C41A1A300A55D30 /* Release */,
			);
			defaultConfigurationIsVisible = 0;
			defaultConfigurationName = Release;
		};
/* End XCConfigurationList section */
	};
	rootObject = CB5783D61C41A1A300A55D30 /* Project object */;
}
