// !$*UTF8*$!
{
	archiveVersion = 1;
	classes = {
	};
	objectVersion = 46;
	objects = {

/* Begin PBXBuildFile section */
		8415CC7E1CC45BE200B86FFC /* GalleryPresentTransition.swift in Sources */ = {isa = PBXBuildFile; fileRef = 8415CC7B1CC45BE200B86FFC /* GalleryPresentTransition.swift */; };
		8415CC7F1CC45BE200B86FFC /* GalleryCloseTransition.swift in Sources */ = {isa = PBXBuildFile; fileRef = 8415CC7C1CC45BE200B86FFC /* GalleryCloseTransition.swift */; };
		8415CC801CC45BE200B86FFC /* GallerySwipeToDismissTransition.swift in Sources */ = {isa = PBXBuildFile; fileRef = 8415CC7D1CC45BE200B86FFC /* GallerySwipeToDismissTransition.swift */; };
		8415CC821CC45BEA00B86FFC /* GalleryConfiguration.swift in Sources */ = {isa = PBXBuildFile; fileRef = 8415CC811CC45BEA00B86FFC /* GalleryConfiguration.swift */; };
		8415CC841CC45BF000B86FFC /* GalleryViewController.swift in Sources */ = {isa = PBXBuildFile; fileRef = 8415CC831CC45BF000B86FFC /* GalleryViewController.swift */; };
		8415CC871CC45C0300B86FFC /* ImageFadeInHandler.swift in Sources */ = {isa = PBXBuildFile; fileRef = 8415CC851CC45C0300B86FFC /* ImageFadeInHandler.swift */; };
		8415CC881CC45C0300B86FFC /* GalleryViewControllerDatasource.swift in Sources */ = {isa = PBXBuildFile; fileRef = 8415CC861CC45C0300B86FFC /* GalleryViewControllerDatasource.swift */; };
		8415CC8A1CC45C0900B86FFC /* HeaderFooterLayout.swift in Sources */ = {isa = PBXBuildFile; fileRef = 8415CC891CC45C0900B86FFC /* HeaderFooterLayout.swift */; };
		8415CC8C1CC45C1500B86FFC /* UtilityFunctions.swift in Sources */ = {isa = PBXBuildFile; fileRef = 8415CC8B1CC45C1500B86FFC /* UtilityFunctions.swift */; };
		8415CC901CC45C5A00B86FFC /* ImageViewController.swift in Sources */ = {isa = PBXBuildFile; fileRef = 8415CC8D1CC45C5A00B86FFC /* ImageViewController.swift */; };
		8415CC911CC45C5A00B86FFC /* ImageViewControllerFactory.swift in Sources */ = {isa = PBXBuildFile; fileRef = 8415CC8E1CC45C5A00B86FFC /* ImageViewControllerFactory.swift */; };
		8415CC921CC45C5A00B86FFC /* ImageViewControllerDelegate.swift in Sources */ = {isa = PBXBuildFile; fileRef = 8415CC8F1CC45C5A00B86FFC /* ImageViewControllerDelegate.swift */; };
		8415CC971CC45C9A00B86FFC /* ImageViewerConfiguration.swift in Sources */ = {isa = PBXBuildFile; fileRef = 8415CC961CC45C9A00B86FFC /* ImageViewerConfiguration.swift */; };
		8415CC991CC45CA300B86FFC /* ImageViewer.swift in Sources */ = {isa = PBXBuildFile; fileRef = 8415CC981CC45CA300B86FFC /* ImageViewer.swift */; };
		8415CC9D1CC45CAB00B86FFC /* ImageViewerPresentTransition.swift in Sources */ = {isa = PBXBuildFile; fileRef = 8415CC9A1CC45CAB00B86FFC /* ImageViewerPresentTransition.swift */; };
		8415CC9E1CC45CAB00B86FFC /* ImageViewerDismissTransition.swift in Sources */ = {isa = PBXBuildFile; fileRef = 8415CC9B1CC45CAB00B86FFC /* ImageViewerDismissTransition.swift */; };
		8415CC9F1CC45CAB00B86FFC /* ImageViewerSwipeToDismissTransition.swift in Sources */ = {isa = PBXBuildFile; fileRef = 8415CC9C1CC45CAB00B86FFC /* ImageViewerSwipeToDismissTransition.swift */; };
		8415CCA11CC45CBA00B86FFC /* ImageProvider.swift in Sources */ = {isa = PBXBuildFile; fileRef = 8415CCA01CC45CBA00B86FFC /* ImageProvider.swift */; };
		8415CCA61CC45CC500B86FFC /* CGSize.swift in Sources */ = {isa = PBXBuildFile; fileRef = 8415CCA21CC45CC500B86FFC /* CGSize.swift */; };
		8415CCA71CC45CC500B86FFC /* CGPoint.swift in Sources */ = {isa = PBXBuildFile; fileRef = 8415CCA31CC45CC500B86FFC /* CGPoint.swift */; };
		8415CCA81CC45CC500B86FFC /* UIView.swift in Sources */ = {isa = PBXBuildFile; fileRef = 8415CCA41CC45CC500B86FFC /* UIView.swift */; };
		8415CCA91CC45CC500B86FFC /* UIViewController.swift in Sources */ = {isa = PBXBuildFile; fileRef = 8415CCA51CC45CC500B86FFC /* UIViewController.swift */; };
		8415CCAB1CC45CD000B86FFC /* Info.plist in Resources */ = {isa = PBXBuildFile; fileRef = 8415CCAA1CC45CD000B86FFC /* Info.plist */; };
		8420B65A1CB0EF11003829C7 /* markers.json in Resources */ = {isa = PBXBuildFile; fileRef = CB4DD3441C56DE0300BD4729 /* markers.json */; };
		8420B65B1CB0F106003829C7 /* by-location in Resources */ = {isa = PBXBuildFile; fileRef = CBE6AA2D1C83CAD00097699A /* by-location */; };
		84339B6B1CC3BFED00063C81 /* CounterView.swift in Sources */ = {isa = PBXBuildFile; fileRef = 84339B6A1CC3BFED00063C81 /* CounterView.swift */; };
		844D5BC61CC4E69000B65B83 /* FooterView.swift in Sources */ = {isa = PBXBuildFile; fileRef = 844D5BC51CC4E69000B65B83 /* FooterView.swift */; };
		845117911C7FF78E00EDE9A5 /* PhotoGalleryViewController.swift in Sources */ = {isa = PBXBuildFile; fileRef = 845117901C7FF78E00EDE9A5 /* PhotoGalleryViewController.swift */; };
		8458EF531CB2273100734E6D /* DetailWebViewController.swift in Sources */ = {isa = PBXBuildFile; fileRef = 8458EF521CB2273100734E6D /* DetailWebViewController.swift */; };
		848B04521C815D7400ED79E9 /* Main.storyboard in Resources */ = {isa = PBXBuildFile; fileRef = 848B04501C815D7400ED79E9 /* Main.storyboard */; };
		84C17B4A1C963E5B00D491AF /* Podfile in Resources */ = {isa = PBXBuildFile; fileRef = 84C17B491C963E5A00D491AF /* Podfile */; };
		84FFBCAA1C82971E00148118 /* GalleryCollectionViewCell.swift in Sources */ = {isa = PBXBuildFile; fileRef = 84FFBCA91C82971E00148118 /* GalleryCollectionViewCell.swift */; };
		AA79E665FE0937BE7571601E /* Pods_oldNYC_iOS.framework in Frameworks */ = {isa = PBXBuildFile; fileRef = 32022ED5BD1ACBC3CC4C1B92 /* Pods_oldNYC_iOS.framework */; };
		CB3388B51C7E9DC300F61AE7 /* README.txt in Resources */ = {isa = PBXBuildFile; fileRef = CB3388B41C7E9DC300F61AE7 /* README.txt */; };
		CB5783E21C41A1A300A55D30 /* AppDelegate.swift in Sources */ = {isa = PBXBuildFile; fileRef = CB5783E11C41A1A300A55D30 /* AppDelegate.swift */; };
		CB5783E41C41A1A300A55D30 /* MapViewController.swift in Sources */ = {isa = PBXBuildFile; fileRef = CB5783E31C41A1A300A55D30 /* MapViewController.swift */; };
		CB5783E91C41A1A300A55D30 /* Assets.xcassets in Resources */ = {isa = PBXBuildFile; fileRef = CB5783E81C41A1A300A55D30 /* Assets.xcassets */; };
		CBE10BB91C82BB5E002BD357 /* HidingNavigationBarManager.swift in Sources */ = {isa = PBXBuildFile; fileRef = CBE10BB81C82BB5E002BD357 /* HidingNavigationBarManager.swift */; };
		CBE10BBB1C82BB89002BD357 /* HidingViewController.swift in Sources */ = {isa = PBXBuildFile; fileRef = CBE10BBA1C82BB89002BD357 /* HidingViewController.swift */; };
		CBE10BBF1C82BBE1002BD357 /* HidingNavigationBar.txt in Resources */ = {isa = PBXBuildFile; fileRef = CBE10BBE1C82BBE1002BD357 /* HidingNavigationBar.txt */; };
		CBE10BC31C8378AE002BD357 /* MenuTableViewController.swift in Sources */ = {isa = PBXBuildFile; fileRef = CBE10BC21C8378AE002BD357 /* MenuTableViewController.swift */; };
		CBE10BC51C8381BE002BD357 /* DataAttributionViewController.swift in Sources */ = {isa = PBXBuildFile; fileRef = CBE10BC41C8381BE002BD357 /* DataAttributionViewController.swift */; };
		CBE10BC71C8397C2002BD357 /* WebViewController.swift in Sources */ = {isa = PBXBuildFile; fileRef = CBE10BC61C8397C2002BD357 /* WebViewController.swift */; };
/* End PBXBuildFile section */

/* Begin PBXFileReference section */
		32022ED5BD1ACBC3CC4C1B92 /* Pods_oldNYC_iOS.framework */ = {isa = PBXFileReference; explicitFileType = wrapper.framework; includeInIndex = 0; path = Pods_oldNYC_iOS.framework; sourceTree = BUILT_PRODUCTS_DIR; };
		8415CC7B1CC45BE200B86FFC /* GalleryPresentTransition.swift */ = {isa = PBXFileReference; fileEncoding = 4; lastKnownFileType = sourcecode.swift; name = GalleryPresentTransition.swift; path = ../../ImageViewer/ImageViewer/Source/ImageViewer/GalleryPresentTransition.swift; sourceTree = "<group>"; };
		8415CC7C1CC45BE200B86FFC /* GalleryCloseTransition.swift */ = {isa = PBXFileReference; fileEncoding = 4; lastKnownFileType = sourcecode.swift; name = GalleryCloseTransition.swift; path = ../../ImageViewer/ImageViewer/Source/GalleryCloseTransition.swift; sourceTree = "<group>"; };
		8415CC7D1CC45BE200B86FFC /* GallerySwipeToDismissTransition.swift */ = {isa = PBXFileReference; fileEncoding = 4; lastKnownFileType = sourcecode.swift; name = GallerySwipeToDismissTransition.swift; path = ../../ImageViewer/ImageViewer/Source/GallerySwipeToDismissTransition.swift; sourceTree = "<group>"; };
		8415CC811CC45BEA00B86FFC /* GalleryConfiguration.swift */ = {isa = PBXFileReference; fileEncoding = 4; lastKnownFileType = sourcecode.swift; name = GalleryConfiguration.swift; path = ../../ImageViewer/ImageViewer/Source/GalleryConfiguration.swift; sourceTree = "<group>"; };
		8415CC831CC45BF000B86FFC /* GalleryViewController.swift */ = {isa = PBXFileReference; fileEncoding = 4; lastKnownFileType = sourcecode.swift; name = GalleryViewController.swift; path = ../../ImageViewer/ImageViewer/Source/GalleryViewController.swift; sourceTree = "<group>"; };
		8415CC851CC45C0300B86FFC /* ImageFadeInHandler.swift */ = {isa = PBXFileReference; fileEncoding = 4; lastKnownFileType = sourcecode.swift; name = ImageFadeInHandler.swift; path = ../../ImageViewer/ImageViewer/Source/ImageFadeInHandler.swift; sourceTree = "<group>"; };
		8415CC861CC45C0300B86FFC /* GalleryViewControllerDatasource.swift */ = {isa = PBXFileReference; fileEncoding = 4; lastKnownFileType = sourcecode.swift; name = GalleryViewControllerDatasource.swift; path = ../../ImageViewer/ImageViewer/Source/GalleryViewControllerDatasource.swift; sourceTree = "<group>"; };
		8415CC891CC45C0900B86FFC /* HeaderFooterLayout.swift */ = {isa = PBXFileReference; fileEncoding = 4; lastKnownFileType = sourcecode.swift; name = HeaderFooterLayout.swift; path = ../../ImageViewer/ImageViewer/Source/HeaderFooterLayout.swift; sourceTree = "<group>"; };
		8415CC8B1CC45C1500B86FFC /* UtilityFunctions.swift */ = {isa = PBXFileReference; fileEncoding = 4; lastKnownFileType = sourcecode.swift; name = UtilityFunctions.swift; path = ../../ImageViewer/ImageViewer/Source/UtilityFunctions.swift; sourceTree = "<group>"; };
		8415CC8D1CC45C5A00B86FFC /* ImageViewController.swift */ = {isa = PBXFileReference; fileEncoding = 4; lastKnownFileType = sourcecode.swift; name = ImageViewController.swift; path = ../../ImageViewer/ImageViewer/Source/ImageViewController.swift; sourceTree = "<group>"; };
		8415CC8E1CC45C5A00B86FFC /* ImageViewControllerFactory.swift */ = {isa = PBXFileReference; fileEncoding = 4; lastKnownFileType = sourcecode.swift; name = ImageViewControllerFactory.swift; path = ../../ImageViewer/ImageViewer/Source/ImageViewControllerFactory.swift; sourceTree = "<group>"; };
		8415CC8F1CC45C5A00B86FFC /* ImageViewControllerDelegate.swift */ = {isa = PBXFileReference; fileEncoding = 4; lastKnownFileType = sourcecode.swift; name = ImageViewControllerDelegate.swift; path = ../../ImageViewer/ImageViewer/Source/ImageViewControllerDelegate.swift; sourceTree = "<group>"; };
		8415CC961CC45C9A00B86FFC /* ImageViewerConfiguration.swift */ = {isa = PBXFileReference; fileEncoding = 4; lastKnownFileType = sourcecode.swift; name = ImageViewerConfiguration.swift; path = ../../ImageViewer/ImageViewer/Source/ImageViewer/ImageViewerConfiguration.swift; sourceTree = "<group>"; };
		8415CC981CC45CA300B86FFC /* ImageViewer.swift */ = {isa = PBXFileReference; fileEncoding = 4; lastKnownFileType = sourcecode.swift; name = ImageViewer.swift; path = ../../ImageViewer/ImageViewer/Source/ImageViewer/ImageViewer.swift; sourceTree = "<group>"; };
		8415CC9A1CC45CAB00B86FFC /* ImageViewerPresentTransition.swift */ = {isa = PBXFileReference; fileEncoding = 4; lastKnownFileType = sourcecode.swift; name = ImageViewerPresentTransition.swift; path = ../../ImageViewer/ImageViewer/Source/ImageViewer/ImageViewerPresentTransition.swift; sourceTree = "<group>"; };
		8415CC9B1CC45CAB00B86FFC /* ImageViewerDismissTransition.swift */ = {isa = PBXFileReference; fileEncoding = 4; lastKnownFileType = sourcecode.swift; name = ImageViewerDismissTransition.swift; path = ../../ImageViewer/ImageViewer/Source/ImageViewer/ImageViewerDismissTransition.swift; sourceTree = "<group>"; };
		8415CC9C1CC45CAB00B86FFC /* ImageViewerSwipeToDismissTransition.swift */ = {isa = PBXFileReference; fileEncoding = 4; lastKnownFileType = sourcecode.swift; name = ImageViewerSwipeToDismissTransition.swift; path = ../../ImageViewer/ImageViewer/Source/ImageViewer/ImageViewerSwipeToDismissTransition.swift; sourceTree = "<group>"; };
		8415CCA01CC45CBA00B86FFC /* ImageProvider.swift */ = {isa = PBXFileReference; fileEncoding = 4; lastKnownFileType = sourcecode.swift; name = ImageProvider.swift; path = ../../ImageViewer/ImageViewer/Source/ImageProvider.swift; sourceTree = "<group>"; };
		8415CCA21CC45CC500B86FFC /* CGSize.swift */ = {isa = PBXFileReference; fileEncoding = 4; lastKnownFileType = sourcecode.swift; name = CGSize.swift; path = ../../ImageViewer/ImageViewer/Source/Extensions/CGSize.swift; sourceTree = "<group>"; };
		8415CCA31CC45CC500B86FFC /* CGPoint.swift */ = {isa = PBXFileReference; fileEncoding = 4; lastKnownFileType = sourcecode.swift; name = CGPoint.swift; path = ../../ImageViewer/ImageViewer/Source/Extensions/CGPoint.swift; sourceTree = "<group>"; };
		8415CCA41CC45CC500B86FFC /* UIView.swift */ = {isa = PBXFileReference; fileEncoding = 4; lastKnownFileType = sourcecode.swift; name = UIView.swift; path = ../../ImageViewer/ImageViewer/Source/Extensions/UIView.swift; sourceTree = "<group>"; };
		8415CCA51CC45CC500B86FFC /* UIViewController.swift */ = {isa = PBXFileReference; fileEncoding = 4; lastKnownFileType = sourcecode.swift; name = UIViewController.swift; path = ../../ImageViewer/ImageViewer/Source/Extensions/UIViewController.swift; sourceTree = "<group>"; };
		8415CCAA1CC45CD000B86FFC /* Info.plist */ = {isa = PBXFileReference; fileEncoding = 4; lastKnownFileType = text.plist.xml; name = Info.plist; path = "../../ImageViewer/ImageViewer/Supporting Files/Info.plist"; sourceTree = "<group>"; };
		84339B6A1CC3BFED00063C81 /* CounterView.swift */ = {isa = PBXFileReference; fileEncoding = 4; lastKnownFileType = sourcecode.swift; path = CounterView.swift; sourceTree = "<group>"; };
		844D5BC51CC4E69000B65B83 /* FooterView.swift */ = {isa = PBXFileReference; fileEncoding = 4; lastKnownFileType = sourcecode.swift; path = FooterView.swift; sourceTree = "<group>"; };
		845117901C7FF78E00EDE9A5 /* PhotoGalleryViewController.swift */ = {isa = PBXFileReference; fileEncoding = 4; lastKnownFileType = sourcecode.swift; path = PhotoGalleryViewController.swift; sourceTree = "<group>"; };
		8458EF521CB2273100734E6D /* DetailWebViewController.swift */ = {isa = PBXFileReference; fileEncoding = 4; lastKnownFileType = sourcecode.swift; path = DetailWebViewController.swift; sourceTree = "<group>"; };
		848B04511C815D7400ED79E9 /* Base */ = {isa = PBXFileReference; lastKnownFileType = file.storyboard; name = Base; path = Base.lproj/Main.storyboard; sourceTree = "<group>"; };
		84A50E841C9A599F00833710 /* oldNYC-iOS-Bridging-Header.h */ = {isa = PBXFileReference; lastKnownFileType = sourcecode.c.h; path = "oldNYC-iOS-Bridging-Header.h"; sourceTree = "<group>"; };
		84C17B491C963E5A00D491AF /* Podfile */ = {isa = PBXFileReference; fileEncoding = 4; lastKnownFileType = text; name = Podfile; path = ../Podfile; sourceTree = "<group>"; xcLanguageSpecificationIdentifier = xcode.lang.ruby; };
		84FFBCA91C82971E00148118 /* GalleryCollectionViewCell.swift */ = {isa = PBXFileReference; fileEncoding = 4; lastKnownFileType = sourcecode.swift; path = GalleryCollectionViewCell.swift; sourceTree = "<group>"; };
		A0172A22863F353E4869E659 /* Pods-oldNYC-iOS.release.xcconfig */ = {isa = PBXFileReference; includeInIndex = 1; lastKnownFileType = text.xcconfig; name = "Pods-oldNYC-iOS.release.xcconfig"; path = "Pods/Target Support Files/Pods-oldNYC-iOS/Pods-oldNYC-iOS.release.xcconfig"; sourceTree = "<group>"; };
		CB3388B41C7E9DC300F61AE7 /* README.txt */ = {isa = PBXFileReference; fileEncoding = 4; lastKnownFileType = text; path = README.txt; sourceTree = "<group>"; };
		CB4DD3441C56DE0300BD4729 /* markers.json */ = {isa = PBXFileReference; fileEncoding = 4; lastKnownFileType = text.json; path = markers.json; sourceTree = "<group>"; };
		CB5783DE1C41A1A300A55D30 /* oldNYC-iOS.app */ = {isa = PBXFileReference; explicitFileType = wrapper.application; includeInIndex = 0; path = "oldNYC-iOS.app"; sourceTree = BUILT_PRODUCTS_DIR; };
		CB5783E11C41A1A300A55D30 /* AppDelegate.swift */ = {isa = PBXFileReference; lastKnownFileType = sourcecode.swift; path = AppDelegate.swift; sourceTree = "<group>"; };
		CB5783E31C41A1A300A55D30 /* MapViewController.swift */ = {isa = PBXFileReference; lastKnownFileType = sourcecode.swift; path = MapViewController.swift; sourceTree = "<group>"; };
		CB5783E81C41A1A300A55D30 /* Assets.xcassets */ = {isa = PBXFileReference; lastKnownFileType = folder.assetcatalog; path = Assets.xcassets; sourceTree = "<group>"; };
		CB5783ED1C41A1A300A55D30 /* Info.plist */ = {isa = PBXFileReference; lastKnownFileType = text.plist.xml; path = Info.plist; sourceTree = "<group>"; };
		CBE10BB81C82BB5E002BD357 /* HidingNavigationBarManager.swift */ = {isa = PBXFileReference; fileEncoding = 4; lastKnownFileType = sourcecode.swift; path = HidingNavigationBarManager.swift; sourceTree = "<group>"; };
		CBE10BBA1C82BB89002BD357 /* HidingViewController.swift */ = {isa = PBXFileReference; fileEncoding = 4; lastKnownFileType = sourcecode.swift; path = HidingViewController.swift; sourceTree = "<group>"; };
		CBE10BBE1C82BBE1002BD357 /* HidingNavigationBar.txt */ = {isa = PBXFileReference; fileEncoding = 4; lastKnownFileType = text; path = HidingNavigationBar.txt; sourceTree = "<group>"; };
		CBE10BC21C8378AE002BD357 /* MenuTableViewController.swift */ = {isa = PBXFileReference; fileEncoding = 4; lastKnownFileType = sourcecode.swift; path = MenuTableViewController.swift; sourceTree = "<group>"; };
		CBE10BC41C8381BE002BD357 /* DataAttributionViewController.swift */ = {isa = PBXFileReference; fileEncoding = 4; lastKnownFileType = sourcecode.swift; path = DataAttributionViewController.swift; sourceTree = "<group>"; };
		CBE10BC61C8397C2002BD357 /* WebViewController.swift */ = {isa = PBXFileReference; fileEncoding = 4; lastKnownFileType = sourcecode.swift; path = WebViewController.swift; sourceTree = "<group>"; };
		CBE6AA2D1C83CAD00097699A /* by-location */ = {isa = PBXFileReference; lastKnownFileType = folder; path = "by-location"; sourceTree = "<group>"; };
		E057360DA36D0117FAF8522B /* Pods-oldNYC-iOS.debug.xcconfig */ = {isa = PBXFileReference; includeInIndex = 1; lastKnownFileType = text.xcconfig; name = "Pods-oldNYC-iOS.debug.xcconfig"; path = "Pods/Target Support Files/Pods-oldNYC-iOS/Pods-oldNYC-iOS.debug.xcconfig"; sourceTree = "<group>"; };
/* End PBXFileReference section */

/* Begin PBXFrameworksBuildPhase section */
		CB5783DB1C41A1A300A55D30 /* Frameworks */ = {
			isa = PBXFrameworksBuildPhase;
			buildActionMask = 2147483647;
			files = (
				AA79E665FE0937BE7571601E /* Pods_oldNYC_iOS.framework in Frameworks */,
			);
			runOnlyForDeploymentPostprocessing = 0;
		};
/* End PBXFrameworksBuildPhase section */

/* Begin PBXGroup section */
		7E327472174FCEDB300014F3 /* Frameworks */ = {
			isa = PBXGroup;
			children = (
				32022ED5BD1ACBC3CC4C1B92 /* Pods_oldNYC_iOS.framework */,
			);
			name = Frameworks;
			sourceTree = "<group>";
		};
		8415CC6D1CC45ADE00B86FFC /* ImageViewer */ = {
			isa = PBXGroup;
			children = (
				8415CC6E1CC45AEB00B86FFC /* Source */,
				8415CC6F1CC45B0600B86FFC /* Supporting Files */,
			);
			name = ImageViewer;
			sourceTree = "<group>";
		};
		8415CC6E1CC45AEB00B86FFC /* Source */ = {
			isa = PBXGroup;
			children = (
				8415CC731CC45B3000B86FFC /* Gallery */,
				8415CC721CC45B2D00B86FFC /* ImageViewer */,
				8415CC711CC45B2B00B86FFC /* Protocols */,
				8415CC701CC45B2800B86FFC /* Extensions */,
			);
			name = Source;
			sourceTree = "<group>";
		};
		8415CC6F1CC45B0600B86FFC /* Supporting Files */ = {
			isa = PBXGroup;
			children = (
				8415CCAA1CC45CD000B86FFC /* Info.plist */,
			);
			name = "Supporting Files";
			sourceTree = "<group>";
		};
		8415CC701CC45B2800B86FFC /* Extensions */ = {
			isa = PBXGroup;
			children = (
				8415CCA21CC45CC500B86FFC /* CGSize.swift */,
				8415CCA31CC45CC500B86FFC /* CGPoint.swift */,
				8415CCA41CC45CC500B86FFC /* UIView.swift */,
				8415CCA51CC45CC500B86FFC /* UIViewController.swift */,
			);
			name = Extensions;
			sourceTree = "<group>";
		};
		8415CC711CC45B2B00B86FFC /* Protocols */ = {
			isa = PBXGroup;
			children = (
				8415CCA01CC45CBA00B86FFC /* ImageProvider.swift */,
			);
			name = Protocols;
			sourceTree = "<group>";
		};
		8415CC721CC45B2D00B86FFC /* ImageViewer */ = {
			isa = PBXGroup;
			children = (
				8415CC951CC45C7500B86FFC /* Configuration */,
				8415CC941CC45C7200B86FFC /* Controller */,
				8415CC931CC45C6C00B86FFC /* Transitions */,
			);
			name = ImageViewer;
			sourceTree = "<group>";
		};
		8415CC731CC45B3000B86FFC /* Gallery */ = {
			isa = PBXGroup;
			children = (
				8415CC751CC45B6600B86FFC /* Page Controller */,
				8415CC741CC45B6300B86FFC /* Image Controller */,
			);
			name = Gallery;
			sourceTree = "<group>";
		};
		8415CC741CC45B6300B86FFC /* Image Controller */ = {
			isa = PBXGroup;
			children = (
				8415CC8D1CC45C5A00B86FFC /* ImageViewController.swift */,
				8415CC8E1CC45C5A00B86FFC /* ImageViewControllerFactory.swift */,
				8415CC8F1CC45C5A00B86FFC /* ImageViewControllerDelegate.swift */,
			);
			name = "Image Controller";
			sourceTree = "<group>";
		};
		8415CC751CC45B6600B86FFC /* Page Controller */ = {
			isa = PBXGroup;
			children = (
				8415CC7A1CC45B9100B86FFC /* Transitions */,
				8415CC791CC45B8D00B86FFC /* Configuration */,
				8415CC781CC45B8900B86FFC /* Controller */,
				8415CC771CC45B8700B86FFC /* Delegates */,
				8415CC761CC45B8000B86FFC /* Layout */,
				8415CC8B1CC45C1500B86FFC /* UtilityFunctions.swift */,
			);
			name = "Page Controller";
			sourceTree = "<group>";
		};
		8415CC761CC45B8000B86FFC /* Layout */ = {
			isa = PBXGroup;
			children = (
				8415CC891CC45C0900B86FFC /* HeaderFooterLayout.swift */,
			);
			name = Layout;
			sourceTree = "<group>";
		};
		8415CC771CC45B8700B86FFC /* Delegates */ = {
			isa = PBXGroup;
			children = (
				8415CC851CC45C0300B86FFC /* ImageFadeInHandler.swift */,
				8415CC861CC45C0300B86FFC /* GalleryViewControllerDatasource.swift */,
			);
			name = Delegates;
			sourceTree = "<group>";
		};
		8415CC781CC45B8900B86FFC /* Controller */ = {
			isa = PBXGroup;
			children = (
				8415CC831CC45BF000B86FFC /* GalleryViewController.swift */,
			);
			name = Controller;
			sourceTree = "<group>";
		};
		8415CC791CC45B8D00B86FFC /* Configuration */ = {
			isa = PBXGroup;
			children = (
				8415CC811CC45BEA00B86FFC /* GalleryConfiguration.swift */,
			);
			name = Configuration;
			sourceTree = "<group>";
		};
		8415CC7A1CC45B9100B86FFC /* Transitions */ = {
			isa = PBXGroup;
			children = (
				8415CC7B1CC45BE200B86FFC /* GalleryPresentTransition.swift */,
				8415CC7C1CC45BE200B86FFC /* GalleryCloseTransition.swift */,
				8415CC7D1CC45BE200B86FFC /* GallerySwipeToDismissTransition.swift */,
			);
			name = Transitions;
			sourceTree = "<group>";
		};
		8415CC931CC45C6C00B86FFC /* Transitions */ = {
			isa = PBXGroup;
			children = (
				8415CC9A1CC45CAB00B86FFC /* ImageViewerPresentTransition.swift */,
				8415CC9B1CC45CAB00B86FFC /* ImageViewerDismissTransition.swift */,
				8415CC9C1CC45CAB00B86FFC /* ImageViewerSwipeToDismissTransition.swift */,
			);
			name = Transitions;
			sourceTree = "<group>";
		};
		8415CC941CC45C7200B86FFC /* Controller */ = {
			isa = PBXGroup;
			children = (
				8415CC981CC45CA300B86FFC /* ImageViewer.swift */,
			);
			name = Controller;
			sourceTree = "<group>";
		};
		8415CC951CC45C7500B86FFC /* Configuration */ = {
			isa = PBXGroup;
			children = (
				8415CC961CC45C9A00B86FFC /* ImageViewerConfiguration.swift */,
			);
			name = Configuration;
			sourceTree = "<group>";
		};
		9772766C6EFD4B4E6B99F95D /* Pods */ = {
			isa = PBXGroup;
			children = (
				E057360DA36D0117FAF8522B /* Pods-oldNYC-iOS.debug.xcconfig */,
				A0172A22863F353E4869E659 /* Pods-oldNYC-iOS.release.xcconfig */,
			);
			name = Pods;
			sourceTree = "<group>";
		};
		CB5783D51C41A1A300A55D30 = {
			isa = PBXGroup;
			children = (
				CB5783E01C41A1A300A55D30 /* OldNYC */,
				CB5783DF1C41A1A300A55D30 /* Products */,
				9772766C6EFD4B4E6B99F95D /* Pods */,
				7E327472174FCEDB300014F3 /* Frameworks */,
			);
			sourceTree = "<group>";
		};
		CB5783DF1C41A1A300A55D30 /* Products */ = {
			isa = PBXGroup;
			children = (
				CB5783DE1C41A1A300A55D30 /* oldNYC-iOS.app */,
			);
			name = Products;
			sourceTree = "<group>";
		};
		CB5783E01C41A1A300A55D30 /* OldNYC */ = {
			isa = PBXGroup;
			children = (
				8415CC6D1CC45ADE00B86FFC /* ImageViewer */,
				CBE6AA2D1C83CAD00097699A /* by-location */,
				CB3388B41C7E9DC300F61AE7 /* README.txt */,
				CB4DD3441C56DE0300BD4729 /* markers.json */,
				84C17B491C963E5A00D491AF /* Podfile */,
				CB5783E11C41A1A300A55D30 /* AppDelegate.swift */,
				CB5783E31C41A1A300A55D30 /* MapViewController.swift */,
				CBE10BC21C8378AE002BD357 /* MenuTableViewController.swift */,
				CBE10BC41C8381BE002BD357 /* DataAttributionViewController.swift */,
				84339B6A1CC3BFED00063C81 /* CounterView.swift */,
				844D5BC51CC4E69000B65B83 /* FooterView.swift */,
				845117901C7FF78E00EDE9A5 /* PhotoGalleryViewController.swift */,
				84FFBCA91C82971E00148118 /* GalleryCollectionViewCell.swift */,
				84A50E841C9A599F00833710 /* oldNYC-iOS-Bridging-Header.h */,
				848B04501C815D7400ED79E9 /* Main.storyboard */,
				CBE10BC61C8397C2002BD357 /* WebViewController.swift */,
				8458EF521CB2273100734E6D /* DetailWebViewController.swift */,
				CB5783ED1C41A1A300A55D30 /* Info.plist */,
				CB5783E81C41A1A300A55D30 /* Assets.xcassets */,
				CBE10BBD1C82BBC2002BD357 /* HidingNavigationBar */,
			);
			name = OldNYC;
			path = "oldNYC-iOS";
			sourceTree = "<group>";
		};
		CBE10BBD1C82BBC2002BD357 /* HidingNavigationBar */ = {
			isa = PBXGroup;
			children = (
				CBE10BB81C82BB5E002BD357 /* HidingNavigationBarManager.swift */,
				CBE10BBA1C82BB89002BD357 /* HidingViewController.swift */,
				CBE10BBE1C82BBE1002BD357 /* HidingNavigationBar.txt */,
			);
			name = HidingNavigationBar;
			sourceTree = "<group>";
		};
/* End PBXGroup section */

/* Begin PBXNativeTarget section */
		CB5783DD1C41A1A300A55D30 /* oldNYC-iOS */ = {
			isa = PBXNativeTarget;
			buildConfigurationList = CB5783F01C41A1A300A55D30 /* Build configuration list for PBXNativeTarget "oldNYC-iOS" */;
			buildPhases = (
				F61E588AE9EC63A74CD969AA /* Check Pods Manifest.lock */,
				CB5783DA1C41A1A300A55D30 /* Sources */,
				CB5783DB1C41A1A300A55D30 /* Frameworks */,
				CB5783DC1C41A1A300A55D30 /* Resources */,
				0C9094E6BB7E3AE7395C08E1 /* Embed Pods Frameworks */,
				820C6971BF91FDEF932E852B /* Copy Pods Resources */,
			);
			buildRules = (
			);
			dependencies = (
			);
			name = "oldNYC-iOS";
			productName = "oldNYC-iOS";
			productReference = CB5783DE1C41A1A300A55D30 /* oldNYC-iOS.app */;
			productType = "com.apple.product-type.application";
		};
/* End PBXNativeTarget section */

/* Begin PBXProject section */
		CB5783D61C41A1A300A55D30 /* Project object */ = {
			isa = PBXProject;
			attributes = {
				LastSwiftUpdateCheck = 0720;
				LastUpgradeCheck = 0720;
				ORGANIZATIONNAME = OldNYC;
				TargetAttributes = {
					CB5783DD1C41A1A300A55D30 = {
						CreatedOnToolsVersion = 7.2;
						DevelopmentTeam = LRAK7WQC9P;
					};
				};
			};
			buildConfigurationList = CB5783D91C41A1A300A55D30 /* Build configuration list for PBXProject "oldNYC-iOS" */;
			compatibilityVersion = "Xcode 3.2";
			developmentRegion = English;
			hasScannedForEncodings = 0;
			knownRegions = (
				en,
				Base,
			);
			mainGroup = CB5783D51C41A1A300A55D30;
			productRefGroup = CB5783DF1C41A1A300A55D30 /* Products */;
			projectDirPath = "";
			projectRoot = "";
			targets = (
				CB5783DD1C41A1A300A55D30 /* oldNYC-iOS */,
			);
		};
/* End PBXProject section */

/* Begin PBXResourcesBuildPhase section */
		CB5783DC1C41A1A300A55D30 /* Resources */ = {
			isa = PBXResourcesBuildPhase;
			buildActionMask = 2147483647;
			files = (
				8415CCAB1CC45CD000B86FFC /* Info.plist in Resources */,
				8420B65B1CB0F106003829C7 /* by-location in Resources */,
				8420B65A1CB0EF11003829C7 /* markers.json in Resources */,
				CB3388B51C7E9DC300F61AE7 /* README.txt in Resources */,
				CB5783E91C41A1A300A55D30 /* Assets.xcassets in Resources */,
				848B04521C815D7400ED79E9 /* Main.storyboard in Resources */,
				CBE10BBF1C82BBE1002BD357 /* HidingNavigationBar.txt in Resources */,
				84C17B4A1C963E5B00D491AF /* Podfile in Resources */,
			);
			runOnlyForDeploymentPostprocessing = 0;
		};
/* End PBXResourcesBuildPhase section */

/* Begin PBXShellScriptBuildPhase section */
		0C9094E6BB7E3AE7395C08E1 /* Embed Pods Frameworks */ = {
			isa = PBXShellScriptBuildPhase;
			buildActionMask = 2147483647;
			files = (
			);
			inputPaths = (
			);
			name = "Embed Pods Frameworks";
			outputPaths = (
			);
			runOnlyForDeploymentPostprocessing = 0;
			shellPath = /bin/sh;
			shellScript = "\"${SRCROOT}/Pods/Target Support Files/Pods-oldNYC-iOS/Pods-oldNYC-iOS-frameworks.sh\"\n";
			showEnvVarsInLog = 0;
		};
		820C6971BF91FDEF932E852B /* Copy Pods Resources */ = {
			isa = PBXShellScriptBuildPhase;
			buildActionMask = 2147483647;
			files = (
			);
			inputPaths = (
			);
			name = "Copy Pods Resources";
			outputPaths = (
			);
			runOnlyForDeploymentPostprocessing = 0;
			shellPath = /bin/sh;
			shellScript = "\"${SRCROOT}/Pods/Target Support Files/Pods-oldNYC-iOS/Pods-oldNYC-iOS-resources.sh\"\n";
			showEnvVarsInLog = 0;
		};
		F61E588AE9EC63A74CD969AA /* Check Pods Manifest.lock */ = {
			isa = PBXShellScriptBuildPhase;
			buildActionMask = 2147483647;
			files = (
			);
			inputPaths = (
			);
			name = "Check Pods Manifest.lock";
			outputPaths = (
			);
			runOnlyForDeploymentPostprocessing = 0;
			shellPath = /bin/sh;
			shellScript = "diff \"${PODS_ROOT}/../Podfile.lock\" \"${PODS_ROOT}/Manifest.lock\" > /dev/null\nif [[ $? != 0 ]] ; then\n    cat << EOM\nerror: The sandbox is not in sync with the Podfile.lock. Run 'pod install' or update your CocoaPods installation.\nEOM\n    exit 1\nfi\n";
			showEnvVarsInLog = 0;
		};
/* End PBXShellScriptBuildPhase section */

/* Begin PBXSourcesBuildPhase section */
		CB5783DA1C41A1A300A55D30 /* Sources */ = {
			isa = PBXSourcesBuildPhase;
			buildActionMask = 2147483647;
			files = (
				8415CCA81CC45CC500B86FFC /* UIView.swift in Sources */,
				8415CC821CC45BEA00B86FFC /* GalleryConfiguration.swift in Sources */,
				CB5783E41C41A1A300A55D30 /* MapViewController.swift in Sources */,
				84FFBCAA1C82971E00148118 /* GalleryCollectionViewCell.swift in Sources */,
				CBE10BC31C8378AE002BD357 /* MenuTableViewController.swift in Sources */,
				CB5783E21C41A1A300A55D30 /* AppDelegate.swift in Sources */,
				8415CC841CC45BF000B86FFC /* GalleryViewController.swift in Sources */,
				CBE10BB91C82BB5E002BD357 /* HidingNavigationBarManager.swift in Sources */,
				8415CC8A1CC45C0900B86FFC /* HeaderFooterLayout.swift in Sources */,
				8458EF531CB2273100734E6D /* DetailWebViewController.swift in Sources */,
				CBE10BC51C8381BE002BD357 /* DataAttributionViewController.swift in Sources */,
				8415CC901CC45C5A00B86FFC /* ImageViewController.swift in Sources */,
				8415CC9E1CC45CAB00B86FFC /* ImageViewerDismissTransition.swift in Sources */,
				CBE10BBB1C82BB89002BD357 /* HidingViewController.swift in Sources */,
				8415CCA91CC45CC500B86FFC /* UIViewController.swift in Sources */,
				8415CC921CC45C5A00B86FFC /* ImageViewControllerDelegate.swift in Sources */,
				8415CC991CC45CA300B86FFC /* ImageViewer.swift in Sources */,
				8415CC881CC45C0300B86FFC /* GalleryViewControllerDatasource.swift in Sources */,
				845117911C7FF78E00EDE9A5 /* PhotoGalleryViewController.swift in Sources */,
				8415CCA11CC45CBA00B86FFC /* ImageProvider.swift in Sources */,
				8415CC7F1CC45BE200B86FFC /* GalleryCloseTransition.swift in Sources */,
				8415CC801CC45BE200B86FFC /* GallerySwipeToDismissTransition.swift in Sources */,
				8415CC911CC45C5A00B86FFC /* ImageViewControllerFactory.swift in Sources */,
				8415CC7E1CC45BE200B86FFC /* GalleryPresentTransition.swift in Sources */,
				8415CCA61CC45CC500B86FFC /* CGSize.swift in Sources */,
				8415CC871CC45C0300B86FFC /* ImageFadeInHandler.swift in Sources */,
				CBE10BC71C8397C2002BD357 /* WebViewController.swift in Sources */,
				8415CC9D1CC45CAB00B86FFC /* ImageViewerPresentTransition.swift in Sources */,
				8415CC8C1CC45C1500B86FFC /* UtilityFunctions.swift in Sources */,
				8415CCA71CC45CC500B86FFC /* CGPoint.swift in Sources */,
				8415CC971CC45C9A00B86FFC /* ImageViewerConfiguration.swift in Sources */,
				84339B6B1CC3BFED00063C81 /* CounterView.swift in Sources */,
				8415CC9F1CC45CAB00B86FFC /* ImageViewerSwipeToDismissTransition.swift in Sources */,
				844D5BC61CC4E69000B65B83 /* FooterView.swift in Sources */,
			);
			runOnlyForDeploymentPostprocessing = 0;
		};
/* End PBXSourcesBuildPhase section */

/* Begin PBXVariantGroup section */
		848B04501C815D7400ED79E9 /* Main.storyboard */ = {
			isa = PBXVariantGroup;
			children = (
				848B04511C815D7400ED79E9 /* Base */,
			);
			name = Main.storyboard;
			sourceTree = "<group>";
		};
/* End PBXVariantGroup section */

/* Begin XCBuildConfiguration section */
		CB5783EE1C41A1A300A55D30 /* Debug */ = {
			isa = XCBuildConfiguration;
			buildSettings = {
				ALWAYS_SEARCH_USER_PATHS = NO;
				CLANG_ALLOW_NON_MODULAR_INCLUDES_IN_FRAMEWORK_MODULES = NO;
				CLANG_CXX_LANGUAGE_STANDARD = "gnu++0x";
				CLANG_CXX_LIBRARY = "libc++";
				CLANG_ENABLE_MODULES = YES;
				CLANG_ENABLE_OBJC_ARC = YES;
				CLANG_WARN_BOOL_CONVERSION = YES;
				CLANG_WARN_CONSTANT_CONVERSION = YES;
				CLANG_WARN_DIRECT_OBJC_ISA_USAGE = YES_ERROR;
				CLANG_WARN_EMPTY_BODY = YES;
				CLANG_WARN_ENUM_CONVERSION = YES;
				CLANG_WARN_INT_CONVERSION = YES;
				CLANG_WARN_OBJC_ROOT_CLASS = YES_ERROR;
				CLANG_WARN_UNREACHABLE_CODE = YES;
				CLANG_WARN__DUPLICATE_METHOD_MATCH = YES;
				"CODE_SIGN_IDENTITY[sdk=iphoneos*]" = "iPhone Developer";
				COPY_PHASE_STRIP = NO;
				DEBUG_INFORMATION_FORMAT = dwarf;
				EMBEDDED_CONTENT_CONTAINS_SWIFT = YES;
				ENABLE_BITCODE = NO;
				ENABLE_STRICT_OBJC_MSGSEND = YES;
				ENABLE_TESTABILITY = YES;
				FRAMEWORK_SEARCH_PATHS = "$(SRCROOT)/**";
				GCC_C_LANGUAGE_STANDARD = gnu99;
				GCC_DYNAMIC_NO_PIC = NO;
				GCC_NO_COMMON_BLOCKS = YES;
				GCC_OPTIMIZATION_LEVEL = 0;
				GCC_PREPROCESSOR_DEFINITIONS = (
					"DEBUG=1",
					"$(inherited)",
				);
				GCC_WARN_64_TO_32_BIT_CONVERSION = YES;
				GCC_WARN_ABOUT_RETURN_TYPE = YES_ERROR;
				GCC_WARN_UNDECLARED_SELECTOR = YES;
				GCC_WARN_UNINITIALIZED_AUTOS = YES_AGGRESSIVE;
				GCC_WARN_UNUSED_FUNCTION = YES;
				GCC_WARN_UNUSED_VARIABLE = YES;
				HEADER_SEARCH_PATHS = "$(SRCROOT)/**";
				IPHONEOS_DEPLOYMENT_TARGET = 9.2;
				MTL_ENABLE_DEBUG_INFO = YES;
				ONLY_ACTIVE_ARCH = NO;
				SDKROOT = iphoneos;
				SWIFT_OBJC_BRIDGING_HEADER = "";
				SWIFT_OPTIMIZATION_LEVEL = "-Onone";
				TARGETED_DEVICE_FAMILY = "1,2";
				USER_HEADER_SEARCH_PATHS = "Pods/**";
			};
			name = Debug;
		};
		CB5783EF1C41A1A300A55D30 /* Release */ = {
			isa = XCBuildConfiguration;
			buildSettings = {
				ALWAYS_SEARCH_USER_PATHS = NO;
				CLANG_ALLOW_NON_MODULAR_INCLUDES_IN_FRAMEWORK_MODULES = NO;
				CLANG_CXX_LANGUAGE_STANDARD = "gnu++0x";
				CLANG_CXX_LIBRARY = "libc++";
				CLANG_ENABLE_MODULES = YES;
				CLANG_ENABLE_OBJC_ARC = YES;
				CLANG_WARN_BOOL_CONVERSION = YES;
				CLANG_WARN_CONSTANT_CONVERSION = YES;
				CLANG_WARN_DIRECT_OBJC_ISA_USAGE = YES_ERROR;
				CLANG_WARN_EMPTY_BODY = YES;
				CLANG_WARN_ENUM_CONVERSION = YES;
				CLANG_WARN_INT_CONVERSION = YES;
				CLANG_WARN_OBJC_ROOT_CLASS = YES_ERROR;
				CLANG_WARN_UNREACHABLE_CODE = YES;
				CLANG_WARN__DUPLICATE_METHOD_MATCH = YES;
				"CODE_SIGN_IDENTITY[sdk=iphoneos*]" = "iPhone Developer";
				COPY_PHASE_STRIP = NO;
				DEBUG_INFORMATION_FORMAT = "dwarf-with-dsym";
				EMBEDDED_CONTENT_CONTAINS_SWIFT = YES;
				ENABLE_BITCODE = NO;
				ENABLE_NS_ASSERTIONS = NO;
				ENABLE_STRICT_OBJC_MSGSEND = YES;
				FRAMEWORK_SEARCH_PATHS = "$(SRCROOT)/**";
				GCC_C_LANGUAGE_STANDARD = gnu99;
				GCC_NO_COMMON_BLOCKS = YES;
				GCC_WARN_64_TO_32_BIT_CONVERSION = YES;
				GCC_WARN_ABOUT_RETURN_TYPE = YES_ERROR;
				GCC_WARN_UNDECLARED_SELECTOR = YES;
				GCC_WARN_UNINITIALIZED_AUTOS = YES_AGGRESSIVE;
				GCC_WARN_UNUSED_FUNCTION = YES;
				GCC_WARN_UNUSED_VARIABLE = YES;
				HEADER_SEARCH_PATHS = "$(SRCROOT)/**";
				IPHONEOS_DEPLOYMENT_TARGET = 9.2;
				MTL_ENABLE_DEBUG_INFO = NO;
				ONLY_ACTIVE_ARCH = NO;
				SDKROOT = iphoneos;
				SWIFT_OBJC_BRIDGING_HEADER = "";
				TARGETED_DEVICE_FAMILY = "1,2";
				USER_HEADER_SEARCH_PATHS = "Pods/**";
				VALIDATE_PRODUCT = YES;
			};
			name = Release;
		};
		CB5783F11C41A1A300A55D30 /* Debug */ = {
			isa = XCBuildConfiguration;
			baseConfigurationReference = E057360DA36D0117FAF8522B /* Pods-oldNYC-iOS.debug.xcconfig */;
			buildSettings = {
				ALWAYS_SEARCH_USER_PATHS = NO;
				ASSETCATALOG_COMPILER_APPICON_NAME = AppIcon;
				ASSETCATALOG_COMPILER_LAUNCHIMAGE_NAME = LaunchImage;
				CLANG_ENABLE_MODULES = YES;
				CODE_SIGN_IDENTITY = "iPhone Developer";
				"CODE_SIGN_IDENTITY[sdk=iphoneos*]" = "iPhone Developer";
				FRAMEWORK_SEARCH_PATHS = "$(inherited)/**";
				HEADER_SEARCH_PATHS = "$(inherited)/**";
				INFOPLIST_FILE = "oldNYC-iOS/Info.plist";
				IPHONEOS_DEPLOYMENT_TARGET = 9.2;
				LD_RUNPATH_SEARCH_PATHS = "$(inherited) @executable_path/Frameworks";
				MACOSX_DEPLOYMENT_TARGET = 10.11;
				ONLY_ACTIVE_ARCH = NO;
				PRODUCT_BUNDLE_IDENTIFIER = "OldNYC.oldNYC-iOS.christina";
				PRODUCT_NAME = "$(TARGET_NAME)";
				PROVISIONING_PROFILE = "";
				SWIFT_INSTALL_OBJC_HEADER = YES;
				SWIFT_OBJC_BRIDGING_HEADER = "";
				SWIFT_OPTIMIZATION_LEVEL = "-Onone";
				TARGETED_DEVICE_FAMILY = 1;
				USER_HEADER_SEARCH_PATHS = "$(inherited)/**";
			};
			name = Debug;
		};
		CB5783F21C41A1A300A55D30 /* Release */ = {
			isa = XCBuildConfiguration;
			baseConfigurationReference = A0172A22863F353E4869E659 /* Pods-oldNYC-iOS.release.xcconfig */;
			buildSettings = {
				ALWAYS_SEARCH_USER_PATHS = NO;
				ASSETCATALOG_COMPILER_APPICON_NAME = AppIcon;
				ASSETCATALOG_COMPILER_LAUNCHIMAGE_NAME = LaunchImage;
				CLANG_ENABLE_MODULES = YES;
				CODE_SIGN_IDENTITY = "iPhone Developer";
				"CODE_SIGN_IDENTITY[sdk=iphoneos*]" = "iPhone Developer";
				FRAMEWORK_SEARCH_PATHS = "$(inherited)/**";
				HEADER_SEARCH_PATHS = "$(inherited)/**";
				INFOPLIST_FILE = "oldNYC-iOS/Info.plist";
				IPHONEOS_DEPLOYMENT_TARGET = 9.2;
				LD_RUNPATH_SEARCH_PATHS = "$(inherited) @executable_path/Frameworks";
				MACOSX_DEPLOYMENT_TARGET = 10.11;
				PRODUCT_BUNDLE_IDENTIFIER = "OldNYC.oldNYC-iOS.christina";
				PRODUCT_NAME = "$(TARGET_NAME)";
				PROVISIONING_PROFILE = "";
				SWIFT_INSTALL_OBJC_HEADER = YES;
				SWIFT_OBJC_BRIDGING_HEADER = "";
				TARGETED_DEVICE_FAMILY = 1;
				USER_HEADER_SEARCH_PATHS = "$(inherited)/**";
			};
			name = Release;
		};
/* End XCBuildConfiguration section */

/* Begin XCConfigurationList section */
		CB5783D91C41A1A300A55D30 /* Build configuration list for PBXProject "oldNYC-iOS" */ = {
			isa = XCConfigurationList;
			buildConfigurations = (
				CB5783EE1C41A1A300A55D30 /* Debug */,
				CB5783EF1C41A1A300A55D30 /* Release */,
			);
			defaultConfigurationIsVisible = 0;
			defaultConfigurationName = Release;
		};
		CB5783F01C41A1A300A55D30 /* Build configuration list for PBXNativeTarget "oldNYC-iOS" */ = {
			isa = XCConfigurationList;
			buildConfigurations = (
				CB5783F11C41A1A300A55D30 /* Debug */,
				CB5783F21C41A1A300A55D30 /* Release */,
			);
			defaultConfigurationIsVisible = 0;
			defaultConfigurationName = Release;
		};
/* End XCConfigurationList section */
	};
	rootObject = CB5783D61C41A1A300A55D30 /* Project object */;
}
