// !$*UTF8*$!
{
	archiveVersion = 1;
	classes = {
	};
	objectVersion = 46;
	objects = {

/* Begin PBXBuildFile section */
		781680381C96482900FB1D26 /* PhotosProvider.swift in Sources */ = {isa = PBXBuildFile; fileRef = 781680371C96482900FB1D26 /* PhotosProvider.swift */; };
		7816803A1C9648D100FB1D26 /* Photo.swift in Sources */ = {isa = PBXBuildFile; fileRef = 781680391C9648D100FB1D26 /* Photo.swift */; };
		7855206E1C9625E000A9A232 /* PhotoViewController.swift in Sources */ = {isa = PBXBuildFile; fileRef = 7855206D1C9625E000A9A232 /* PhotoViewController.swift */; };
		7EF2C0FB188FF32554B81217 /* Pods_oldNYC_iOS.framework in Frameworks */ = {isa = PBXBuildFile; fileRef = 2AC7A50455F7153D6164A5A8 /* Pods_oldNYC_iOS.framework */; };
		845117911C7FF78E00EDE9A5 /* GalleryViewController.swift in Sources */ = {isa = PBXBuildFile; fileRef = 845117901C7FF78E00EDE9A5 /* GalleryViewController.swift */; };
		848B04521C815D7400ED79E9 /* Main.storyboard in Resources */ = {isa = PBXBuildFile; fileRef = 848B04501C815D7400ED79E9 /* Main.storyboard */; };
		84E7CFCA1C83947400967557 /* MosaicViewFlowLayout.swift in Sources */ = {isa = PBXBuildFile; fileRef = 84E7CFC91C83947400967557 /* MosaicViewFlowLayout.swift */; };
		84FFBCAA1C82971E00148118 /* GalleryCollectionViewCell.swift in Sources */ = {isa = PBXBuildFile; fileRef = 84FFBCA91C82971E00148118 /* GalleryCollectionViewCell.swift */; };
		CB3388B51C7E9DC300F61AE7 /* README.txt in Resources */ = {isa = PBXBuildFile; fileRef = CB3388B41C7E9DC300F61AE7 /* README.txt */; };
		CB4DD3451C56DE0300BD4729 /* markers.json in Resources */ = {isa = PBXBuildFile; fileRef = CB4DD3441C56DE0300BD4729 /* markers.json */; };
		CB5783E21C41A1A300A55D30 /* AppDelegate.swift in Sources */ = {isa = PBXBuildFile; fileRef = CB5783E11C41A1A300A55D30 /* AppDelegate.swift */; };
		CB5783E41C41A1A300A55D30 /* MapViewController.swift in Sources */ = {isa = PBXBuildFile; fileRef = CB5783E31C41A1A300A55D30 /* MapViewController.swift */; };
		CB5783E91C41A1A300A55D30 /* Assets.xcassets in Resources */ = {isa = PBXBuildFile; fileRef = CB5783E81C41A1A300A55D30 /* Assets.xcassets */; };
		CBE10BB91C82BB5E002BD357 /* HidingNavigationBarManager.swift in Sources */ = {isa = PBXBuildFile; fileRef = CBE10BB81C82BB5E002BD357 /* HidingNavigationBarManager.swift */; };
		CBE10BBB1C82BB89002BD357 /* HidingViewController.swift in Sources */ = {isa = PBXBuildFile; fileRef = CBE10BBA1C82BB89002BD357 /* HidingViewController.swift */; };
		CBE10BBF1C82BBE1002BD357 /* HidingNavigationBar.txt in Resources */ = {isa = PBXBuildFile; fileRef = CBE10BBE1C82BBE1002BD357 /* HidingNavigationBar.txt */; };
		CBE10BC31C8378AE002BD357 /* MenuTableViewController.swift in Sources */ = {isa = PBXBuildFile; fileRef = CBE10BC21C8378AE002BD357 /* MenuTableViewController.swift */; };
		CBE10BC51C8381BE002BD357 /* DataAttributionViewController.swift in Sources */ = {isa = PBXBuildFile; fileRef = CBE10BC41C8381BE002BD357 /* DataAttributionViewController.swift */; };
		CBE10BC71C8397C2002BD357 /* WebViewController.swift in Sources */ = {isa = PBXBuildFile; fileRef = CBE10BC61C8397C2002BD357 /* WebViewController.swift */; };
		CBE6AA2E1C83CAD00097699A /* by-location in Resources */ = {isa = PBXBuildFile; fileRef = CBE6AA2D1C83CAD00097699A /* by-location */; };
/* End PBXBuildFile section */

/* Begin PBXFileReference section */
		036F6162A6FC4AB348B3B3BD /* Pods-oldNYC-iOS.release.xcconfig */ = {isa = PBXFileReference; includeInIndex = 1; lastKnownFileType = text.xcconfig; name = "Pods-oldNYC-iOS.release.xcconfig"; path = "Pods/Target Support Files/Pods-oldNYC-iOS/Pods-oldNYC-iOS.release.xcconfig"; sourceTree = "<group>"; };
		12FA2F401ED156CA216B2749 /* Pods-oldNYC-iOS.debug.xcconfig */ = {isa = PBXFileReference; includeInIndex = 1; lastKnownFileType = text.xcconfig; name = "Pods-oldNYC-iOS.debug.xcconfig"; path = "Pods/Target Support Files/Pods-oldNYC-iOS/Pods-oldNYC-iOS.debug.xcconfig"; sourceTree = "<group>"; };
		2AC7A50455F7153D6164A5A8 /* Pods_oldNYC_iOS.framework */ = {isa = PBXFileReference; explicitFileType = wrapper.framework; includeInIndex = 0; path = Pods_oldNYC_iOS.framework; sourceTree = BUILT_PRODUCTS_DIR; };
		781680371C96482900FB1D26 /* PhotosProvider.swift */ = {isa = PBXFileReference; fileEncoding = 4; lastKnownFileType = sourcecode.swift; path = PhotosProvider.swift; sourceTree = "<group>"; };
		781680391C9648D100FB1D26 /* Photo.swift */ = {isa = PBXFileReference; fileEncoding = 4; lastKnownFileType = sourcecode.swift; path = Photo.swift; sourceTree = "<group>"; };
		781D28BE1C96405E0027E947 /* FLAnimatedImage.framework */ = {isa = PBXFileReference; lastKnownFileType = wrapper.framework; name = FLAnimatedImage.framework; path = "Pods/../build/Debug-iphoneos/FLAnimatedImage.framework"; sourceTree = "<group>"; };
		781D28C01C9640620027E947 /* NYTPhotoViewer.framework */ = {isa = PBXFileReference; lastKnownFileType = wrapper.framework; name = NYTPhotoViewer.framework; path = "Pods/../build/Debug-iphoneos/NYTPhotoViewer.framework"; sourceTree = "<group>"; };
		781D28C21C9641ED0027E947 /* SwiftyJSON.framework */ = {isa = PBXFileReference; lastKnownFileType = wrapper.framework; name = SwiftyJSON.framework; path = "Pods/../build/Debug-iphoneos/SwiftyJSON.framework"; sourceTree = "<group>"; };
		781EB35E1C96347800AE93C9 /* oldNYC-iOS-Bridging-Header.h */ = {isa = PBXFileReference; lastKnownFileType = sourcecode.c.h; path = "oldNYC-iOS-Bridging-Header.h"; sourceTree = "<group>"; };
		7855206D1C9625E000A9A232 /* PhotoViewController.swift */ = {isa = PBXFileReference; fileEncoding = 4; lastKnownFileType = sourcecode.swift; path = PhotoViewController.swift; sourceTree = "<group>"; };
		845117901C7FF78E00EDE9A5 /* GalleryViewController.swift */ = {isa = PBXFileReference; fileEncoding = 4; lastKnownFileType = sourcecode.swift; path = GalleryViewController.swift; sourceTree = "<group>"; };
		848B04511C815D7400ED79E9 /* Base */ = {isa = PBXFileReference; lastKnownFileType = file.storyboard; name = Base; path = Base.lproj/Main.storyboard; sourceTree = "<group>"; };
		84E7CFC91C83947400967557 /* MosaicViewFlowLayout.swift */ = {isa = PBXFileReference; fileEncoding = 4; lastKnownFileType = sourcecode.swift; path = MosaicViewFlowLayout.swift; sourceTree = "<group>"; };
		84FFBCA91C82971E00148118 /* GalleryCollectionViewCell.swift */ = {isa = PBXFileReference; fileEncoding = 4; lastKnownFileType = sourcecode.swift; path = GalleryCollectionViewCell.swift; sourceTree = "<group>"; };
		CB3388B41C7E9DC300F61AE7 /* README.txt */ = {isa = PBXFileReference; fileEncoding = 4; lastKnownFileType = text; path = README.txt; sourceTree = "<group>"; };
		CB4DD3441C56DE0300BD4729 /* markers.json */ = {isa = PBXFileReference; fileEncoding = 4; lastKnownFileType = text.json; path = markers.json; sourceTree = "<group>"; };
		CB5783DE1C41A1A300A55D30 /* oldNYC-iOS.app */ = {isa = PBXFileReference; explicitFileType = wrapper.application; includeInIndex = 0; path = "oldNYC-iOS.app"; sourceTree = BUILT_PRODUCTS_DIR; };
		CB5783E11C41A1A300A55D30 /* AppDelegate.swift */ = {isa = PBXFileReference; lastKnownFileType = sourcecode.swift; path = AppDelegate.swift; sourceTree = "<group>"; };
		CB5783E31C41A1A300A55D30 /* MapViewController.swift */ = {isa = PBXFileReference; lastKnownFileType = sourcecode.swift; path = MapViewController.swift; sourceTree = "<group>"; };
		CB5783E81C41A1A300A55D30 /* Assets.xcassets */ = {isa = PBXFileReference; lastKnownFileType = folder.assetcatalog; path = Assets.xcassets; sourceTree = "<group>"; };
		CB5783ED1C41A1A300A55D30 /* Info.plist */ = {isa = PBXFileReference; lastKnownFileType = text.plist.xml; path = Info.plist; sourceTree = "<group>"; };
		CBE10BB81C82BB5E002BD357 /* HidingNavigationBarManager.swift */ = {isa = PBXFileReference; fileEncoding = 4; lastKnownFileType = sourcecode.swift; path = HidingNavigationBarManager.swift; sourceTree = "<group>"; };
		CBE10BBA1C82BB89002BD357 /* HidingViewController.swift */ = {isa = PBXFileReference; fileEncoding = 4; lastKnownFileType = sourcecode.swift; path = HidingViewController.swift; sourceTree = "<group>"; };
		CBE10BBE1C82BBE1002BD357 /* HidingNavigationBar.txt */ = {isa = PBXFileReference; fileEncoding = 4; lastKnownFileType = text; path = HidingNavigationBar.txt; sourceTree = "<group>"; };
		CBE10BC21C8378AE002BD357 /* MenuTableViewController.swift */ = {isa = PBXFileReference; fileEncoding = 4; lastKnownFileType = sourcecode.swift; path = MenuTableViewController.swift; sourceTree = "<group>"; };
		CBE10BC41C8381BE002BD357 /* DataAttributionViewController.swift */ = {isa = PBXFileReference; fileEncoding = 4; lastKnownFileType = sourcecode.swift; path = DataAttributionViewController.swift; sourceTree = "<group>"; };
		CBE10BC61C8397C2002BD357 /* WebViewController.swift */ = {isa = PBXFileReference; fileEncoding = 4; lastKnownFileType = sourcecode.swift; path = WebViewController.swift; sourceTree = "<group>"; };
		CBE6AA2D1C83CAD00097699A /* by-location */ = {isa = PBXFileReference; lastKnownFileType = folder; path = "by-location"; sourceTree = "<group>"; };
/* End PBXFileReference section */

/* Begin PBXFrameworksBuildPhase section */
		CB5783DB1C41A1A300A55D30 /* Frameworks */ = {
			isa = PBXFrameworksBuildPhase;
			buildActionMask = 2147483647;
			files = (
				7EF2C0FB188FF32554B81217 /* Pods_oldNYC_iOS.framework in Frameworks */,
			);
			runOnlyForDeploymentPostprocessing = 0;
		};
/* End PBXFrameworksBuildPhase section */

/* Begin PBXGroup section */
		81C6FF60D0D4AA816D84C3B1 /* Frameworks */ = {
			isa = PBXGroup;
			children = (
				781D28C21C9641ED0027E947 /* SwiftyJSON.framework */,
				781D28C01C9640620027E947 /* NYTPhotoViewer.framework */,
				781D28BE1C96405E0027E947 /* FLAnimatedImage.framework */,
				2AC7A50455F7153D6164A5A8 /* Pods_oldNYC_iOS.framework */,
			);
			name = Frameworks;
			sourceTree = "<group>";
		};
		AFA80B3761C8A9A0BE383C8A /* Pods */ = {
			isa = PBXGroup;
			children = (
				12FA2F401ED156CA216B2749 /* Pods-oldNYC-iOS.debug.xcconfig */,
				036F6162A6FC4AB348B3B3BD /* Pods-oldNYC-iOS.release.xcconfig */,
			);
			name = Pods;
			sourceTree = "<group>";
		};
		CB5783D51C41A1A300A55D30 = {
			isa = PBXGroup;
			children = (
				CB5783E01C41A1A300A55D30 /* OldNYC */,
				CB5783DF1C41A1A300A55D30 /* Products */,
				AFA80B3761C8A9A0BE383C8A /* Pods */,
				81C6FF60D0D4AA816D84C3B1 /* Frameworks */,
			);
			sourceTree = "<group>";
		};
		CB5783DF1C41A1A300A55D30 /* Products */ = {
			isa = PBXGroup;
			children = (
				CB5783DE1C41A1A300A55D30 /* oldNYC-iOS.app */,
			);
			name = Products;
			sourceTree = "<group>";
		};
		CB5783E01C41A1A300A55D30 /* OldNYC */ = {
			isa = PBXGroup;
			children = (
				CBE6AA2D1C83CAD00097699A /* by-location */,
				CB3388B41C7E9DC300F61AE7 /* README.txt */,
				CB4DD3441C56DE0300BD4729 /* markers.json */,
				CB5783E11C41A1A300A55D30 /* AppDelegate.swift */,
				CB5783E31C41A1A300A55D30 /* MapViewController.swift */,
				CBE10BC21C8378AE002BD357 /* MenuTableViewController.swift */,
				CBE10BC41C8381BE002BD357 /* DataAttributionViewController.swift */,
				845117901C7FF78E00EDE9A5 /* GalleryViewController.swift */,
				84E7CFC91C83947400967557 /* MosaicViewFlowLayout.swift */,
				84FFBCA91C82971E00148118 /* GalleryCollectionViewCell.swift */,
				7855206D1C9625E000A9A232 /* PhotoViewController.swift */,
				781680371C96482900FB1D26 /* PhotosProvider.swift */,
				781680391C9648D100FB1D26 /* Photo.swift */,
				848B04501C815D7400ED79E9 /* Main.storyboard */,
				CBE10BC61C8397C2002BD357 /* WebViewController.swift */,
				CB5783ED1C41A1A300A55D30 /* Info.plist */,
				CB5783E81C41A1A300A55D30 /* Assets.xcassets */,
				CBE10BBD1C82BBC2002BD357 /* HidingNavigationBar */,
				781EB35E1C96347800AE93C9 /* oldNYC-iOS-Bridging-Header.h */,
			);
			name = OldNYC;
			path = "oldNYC-iOS";
			sourceTree = "<group>";
		};
		CBE10BBD1C82BBC2002BD357 /* HidingNavigationBar */ = {
			isa = PBXGroup;
			children = (
				CBE10BB81C82BB5E002BD357 /* HidingNavigationBarManager.swift */,
				CBE10BBA1C82BB89002BD357 /* HidingViewController.swift */,
				CBE10BBE1C82BBE1002BD357 /* HidingNavigationBar.txt */,
			);
			name = HidingNavigationBar;
			sourceTree = "<group>";
		};
/* End PBXGroup section */

/* Begin PBXNativeTarget section */
		CB5783DD1C41A1A300A55D30 /* oldNYC-iOS */ = {
			isa = PBXNativeTarget;
			buildConfigurationList = CB5783F01C41A1A300A55D30 /* Build configuration list for PBXNativeTarget "oldNYC-iOS" */;
			buildPhases = (
				35FFEC5455DF278E791ED685 /* Check Pods Manifest.lock */,
				CB5783DA1C41A1A300A55D30 /* Sources */,
				CB5783DB1C41A1A300A55D30 /* Frameworks */,
				CB5783DC1C41A1A300A55D30 /* Resources */,
				9CE95E662A11A8F5002CE525 /* Embed Pods Frameworks */,
				F29A5C5BF807DD01C07675C6 /* Copy Pods Resources */,
			);
			buildRules = (
			);
			dependencies = (
			);
			name = "oldNYC-iOS";
			productName = "oldNYC-iOS";
			productReference = CB5783DE1C41A1A300A55D30 /* oldNYC-iOS.app */;
			productType = "com.apple.product-type.application";
		};
/* End PBXNativeTarget section */

/* Begin PBXProject section */
		CB5783D61C41A1A300A55D30 /* Project object */ = {
			isa = PBXProject;
			attributes = {
				LastSwiftUpdateCheck = 0720;
				LastUpgradeCheck = 0720;
				ORGANIZATIONNAME = OldNYC;
				TargetAttributes = {
					CB5783DD1C41A1A300A55D30 = {
						CreatedOnToolsVersion = 7.2;
						DevelopmentTeam = 397HLL8JUB;
					};
				};
			};
			buildConfigurationList = CB5783D91C41A1A300A55D30 /* Build configuration list for PBXProject "oldNYC-iOS" */;
			compatibilityVersion = "Xcode 3.2";
			developmentRegion = English;
			hasScannedForEncodings = 0;
			knownRegions = (
				en,
				Base,
			);
			mainGroup = CB5783D51C41A1A300A55D30;
			productRefGroup = CB5783DF1C41A1A300A55D30 /* Products */;
			projectDirPath = "";
			projectRoot = "";
			targets = (
				CB5783DD1C41A1A300A55D30 /* oldNYC-iOS */,
			);
		};
/* End PBXProject section */

/* Begin PBXResourcesBuildPhase section */
		CB5783DC1C41A1A300A55D30 /* Resources */ = {
			isa = PBXResourcesBuildPhase;
			buildActionMask = 2147483647;
			files = (
				CB4DD3451C56DE0300BD4729 /* markers.json in Resources */,
				CB3388B51C7E9DC300F61AE7 /* README.txt in Resources */,
				CB5783E91C41A1A300A55D30 /* Assets.xcassets in Resources */,
				848B04521C815D7400ED79E9 /* Main.storyboard in Resources */,
				CBE6AA2E1C83CAD00097699A /* by-location in Resources */,
				CBE10BBF1C82BBE1002BD357 /* HidingNavigationBar.txt in Resources */,
			);
			runOnlyForDeploymentPostprocessing = 0;
		};
/* End PBXResourcesBuildPhase section */

/* Begin PBXShellScriptBuildPhase section */
		35FFEC5455DF278E791ED685 /* Check Pods Manifest.lock */ = {
			isa = PBXShellScriptBuildPhase;
			buildActionMask = 2147483647;
			files = (
			);
			inputPaths = (
			);
			name = "Check Pods Manifest.lock";
			outputPaths = (
			);
			runOnlyForDeploymentPostprocessing = 0;
			shellPath = /bin/sh;
			shellScript = "diff \"${PODS_ROOT}/../Podfile.lock\" \"${PODS_ROOT}/Manifest.lock\" > /dev/null\nif [[ $? != 0 ]] ; then\n    cat << EOM\nerror: The sandbox is not in sync with the Podfile.lock. Run 'pod install' or update your CocoaPods installation.\nEOM\n    exit 1\nfi\n";
			showEnvVarsInLog = 0;
		};
		9CE95E662A11A8F5002CE525 /* Embed Pods Frameworks */ = {
			isa = PBXShellScriptBuildPhase;
			buildActionMask = 2147483647;
			files = (
			);
			inputPaths = (
			);
			name = "Embed Pods Frameworks";
			outputPaths = (
			);
			runOnlyForDeploymentPostprocessing = 0;
			shellPath = /bin/sh;
			shellScript = "\"${SRCROOT}/Pods/Target Support Files/Pods-oldNYC-iOS/Pods-oldNYC-iOS-frameworks.sh\"\n";
			showEnvVarsInLog = 0;
		};
		F29A5C5BF807DD01C07675C6 /* Copy Pods Resources */ = {
			isa = PBXShellScriptBuildPhase;
			buildActionMask = 2147483647;
			files = (
			);
			inputPaths = (
			);
			name = "Copy Pods Resources";
			outputPaths = (
			);
			runOnlyForDeploymentPostprocessing = 0;
			shellPath = /bin/sh;
			shellScript = "\"${SRCROOT}/Pods/Target Support Files/Pods-oldNYC-iOS/Pods-oldNYC-iOS-resources.sh\"\n";
			showEnvVarsInLog = 0;
		};
/* End PBXShellScriptBuildPhase section */

/* Begin PBXSourcesBuildPhase section */
		CB5783DA1C41A1A300A55D30 /* Sources */ = {
			isa = PBXSourcesBuildPhase;
			buildActionMask = 2147483647;
			files = (
				CB5783E41C41A1A300A55D30 /* MapViewController.swift in Sources */,
				84FFBCAA1C82971E00148118 /* GalleryCollectionViewCell.swift in Sources */,
				84E7CFCA1C83947400967557 /* MosaicViewFlowLayout.swift in Sources */,
				CBE10BC31C8378AE002BD357 /* MenuTableViewController.swift in Sources */,
				CB5783E21C41A1A300A55D30 /* AppDelegate.swift in Sources */,
				CBE10BB91C82BB5E002BD357 /* HidingNavigationBarManager.swift in Sources */,
				7816803A1C9648D100FB1D26 /* Photo.swift in Sources */,
				CBE10BC51C8381BE002BD357 /* DataAttributionViewController.swift in Sources */,
				CBE10BBB1C82BB89002BD357 /* HidingViewController.swift in Sources */,
				845117911C7FF78E00EDE9A5 /* GalleryViewController.swift in Sources */,
				CBE10BC71C8397C2002BD357 /* WebViewController.swift in Sources */,
				7855206E1C9625E000A9A232 /* PhotoViewController.swift in Sources */,
				781680381C96482900FB1D26 /* PhotosProvider.swift in Sources */,
			);
			runOnlyForDeploymentPostprocessing = 0;
		};
/* End PBXSourcesBuildPhase section */

/* Begin PBXVariantGroup section */
		848B04501C815D7400ED79E9 /* Main.storyboard */ = {
			isa = PBXVariantGroup;
			children = (
				848B04511C815D7400ED79E9 /* Base */,
			);
			name = Main.storyboard;
			sourceTree = "<group>";
		};
/* End PBXVariantGroup section */

/* Begin XCBuildConfiguration section */
		CB5783EE1C41A1A300A55D30 /* Debug */ = {
			isa = XCBuildConfiguration;
			buildSettings = {
				ALWAYS_SEARCH_USER_PATHS = YES;
				CLANG_ALLOW_NON_MODULAR_INCLUDES_IN_FRAMEWORK_MODULES = NO;
				CLANG_CXX_LANGUAGE_STANDARD = "gnu++0x";
				CLANG_CXX_LIBRARY = "libc++";
				CLANG_ENABLE_MODULES = YES;
				CLANG_ENABLE_OBJC_ARC = YES;
				CLANG_WARN_BOOL_CONVERSION = YES;
				CLANG_WARN_CONSTANT_CONVERSION = YES;
				CLANG_WARN_DIRECT_OBJC_ISA_USAGE = YES_ERROR;
				CLANG_WARN_EMPTY_BODY = YES;
				CLANG_WARN_ENUM_CONVERSION = YES;
				CLANG_WARN_INT_CONVERSION = YES;
				CLANG_WARN_OBJC_ROOT_CLASS = YES_ERROR;
				CLANG_WARN_UNREACHABLE_CODE = YES;
				CLANG_WARN__DUPLICATE_METHOD_MATCH = YES;
				"CODE_SIGN_IDENTITY[sdk=iphoneos*]" = "iPhone Developer";
				COPY_PHASE_STRIP = NO;
				DEBUG_INFORMATION_FORMAT = dwarf;
				EMBEDDED_CONTENT_CONTAINS_SWIFT = YES;
				ENABLE_BITCODE = NO;
				ENABLE_STRICT_OBJC_MSGSEND = YES;
				ENABLE_TESTABILITY = YES;
				FRAMEWORK_SEARCH_PATHS = "$(SRCROOT)/**";
				GCC_C_LANGUAGE_STANDARD = gnu99;
				GCC_DYNAMIC_NO_PIC = NO;
				GCC_NO_COMMON_BLOCKS = YES;
				GCC_OPTIMIZATION_LEVEL = 0;
				GCC_PREPROCESSOR_DEFINITIONS = (
					"DEBUG=1",
					"$(inherited)",
				);
				GCC_WARN_64_TO_32_BIT_CONVERSION = YES;
				GCC_WARN_ABOUT_RETURN_TYPE = YES_ERROR;
				GCC_WARN_UNDECLARED_SELECTOR = YES;
				GCC_WARN_UNINITIALIZED_AUTOS = YES_AGGRESSIVE;
				GCC_WARN_UNUSED_FUNCTION = YES;
				GCC_WARN_UNUSED_VARIABLE = YES;
				HEADER_SEARCH_PATHS = "$(SRCROOT)/**";
				IPHONEOS_DEPLOYMENT_TARGET = 9.2;
				MTL_ENABLE_DEBUG_INFO = YES;
				ONLY_ACTIVE_ARCH = NO;
				SDKROOT = iphoneos;
				SWIFT_OBJC_BRIDGING_HEADER = "NYTPhotoViewer-Swift-Bridging-Header.h";
				SWIFT_OPTIMIZATION_LEVEL = "-Onone";
				TARGETED_DEVICE_FAMILY = "1,2";
				USER_HEADER_SEARCH_PATHS = "Pods/**";
			};
			name = Debug;
		};
		CB5783EF1C41A1A300A55D30 /* Release */ = {
			isa = XCBuildConfiguration;
			buildSettings = {
				ALWAYS_SEARCH_USER_PATHS = YES;
				CLANG_ALLOW_NON_MODULAR_INCLUDES_IN_FRAMEWORK_MODULES = NO;
				CLANG_CXX_LANGUAGE_STANDARD = "gnu++0x";
				CLANG_CXX_LIBRARY = "libc++";
				CLANG_ENABLE_MODULES = YES;
				CLANG_ENABLE_OBJC_ARC = YES;
				CLANG_WARN_BOOL_CONVERSION = YES;
				CLANG_WARN_CONSTANT_CONVERSION = YES;
				CLANG_WARN_DIRECT_OBJC_ISA_USAGE = YES_ERROR;
				CLANG_WARN_EMPTY_BODY = YES;
				CLANG_WARN_ENUM_CONVERSION = YES;
				CLANG_WARN_INT_CONVERSION = YES;
				CLANG_WARN_OBJC_ROOT_CLASS = YES_ERROR;
				CLANG_WARN_UNREACHABLE_CODE = YES;
				CLANG_WARN__DUPLICATE_METHOD_MATCH = YES;
				"CODE_SIGN_IDENTITY[sdk=iphoneos*]" = "iPhone Developer";
				COPY_PHASE_STRIP = NO;
				DEBUG_INFORMATION_FORMAT = "dwarf-with-dsym";
				EMBEDDED_CONTENT_CONTAINS_SWIFT = YES;
				ENABLE_BITCODE = NO;
				ENABLE_NS_ASSERTIONS = NO;
				ENABLE_STRICT_OBJC_MSGSEND = YES;
				FRAMEWORK_SEARCH_PATHS = "$(SRCROOT)/**";
				GCC_C_LANGUAGE_STANDARD = gnu99;
				GCC_NO_COMMON_BLOCKS = YES;
				GCC_WARN_64_TO_32_BIT_CONVERSION = YES;
				GCC_WARN_ABOUT_RETURN_TYPE = YES_ERROR;
				GCC_WARN_UNDECLARED_SELECTOR = YES;
				GCC_WARN_UNINITIALIZED_AUTOS = YES_AGGRESSIVE;
				GCC_WARN_UNUSED_FUNCTION = YES;
				GCC_WARN_UNUSED_VARIABLE = YES;
				HEADER_SEARCH_PATHS = "$(SRCROOT)/**";
				IPHONEOS_DEPLOYMENT_TARGET = 9.2;
				MTL_ENABLE_DEBUG_INFO = NO;
				ONLY_ACTIVE_ARCH = NO;
				SDKROOT = iphoneos;
				SWIFT_OBJC_BRIDGING_HEADER = "NYTPhotoViewer-Swift-Bridging-Header.h";
				TARGETED_DEVICE_FAMILY = "1,2";
				USER_HEADER_SEARCH_PATHS = "Pods/**";
				VALIDATE_PRODUCT = YES;
			};
			name = Release;
		};
		CB5783F11C41A1A300A55D30 /* Debug */ = {
			isa = XCBuildConfiguration;
			baseConfigurationReference = 12FA2F401ED156CA216B2749 /* Pods-oldNYC-iOS.debug.xcconfig */;
			buildSettings = {
				ASSETCATALOG_COMPILER_APPICON_NAME = AppIcon;
				ASSETCATALOG_COMPILER_LAUNCHIMAGE_NAME = LaunchImage;
				CLANG_ENABLE_MODULES = YES;
				CODE_SIGN_IDENTITY = "iPhone Developer";
				"CODE_SIGN_IDENTITY[sdk=iphoneos*]" = "iPhone Developer";
				FRAMEWORK_SEARCH_PATHS = "$(inherited)/**";
				HEADER_SEARCH_PATHS = "$(inherited)/**";
				INFOPLIST_FILE = "oldNYC-iOS/Info.plist";
				IPHONEOS_DEPLOYMENT_TARGET = 9.2;
				LD_RUNPATH_SEARCH_PATHS = "$(inherited) @executable_path/Frameworks";
				MACOSX_DEPLOYMENT_TARGET = 10.11;
				ONLY_ACTIVE_ARCH = NO;
				PRODUCT_BUNDLE_IDENTIFIER = "OldNYC.oldNYC-iOS.orian";
				PRODUCT_NAME = "$(TARGET_NAME)";
				PROVISIONING_PROFILE = "";
				SWIFT_OBJC_BRIDGING_HEADER = "oldNYC-iOS/oldNYC-iOS-Bridging-Header.h";
				SWIFT_OPTIMIZATION_LEVEL = "-Onone";
				TARGETED_DEVICE_FAMILY = 1;
				USER_HEADER_SEARCH_PATHS = "$(inherited)/**";
			};
			name = Debug;
		};
		CB5783F21C41A1A300A55D30 /* Release */ = {
			isa = XCBuildConfiguration;
			baseConfigurationReference = 036F6162A6FC4AB348B3B3BD /* Pods-oldNYC-iOS.release.xcconfig */;
			buildSettings = {
				ASSETCATALOG_COMPILER_APPICON_NAME = AppIcon;
				ASSETCATALOG_COMPILER_LAUNCHIMAGE_NAME = LaunchImage;
				CLANG_ENABLE_MODULES = YES;
				CODE_SIGN_IDENTITY = "iPhone Developer";
				"CODE_SIGN_IDENTITY[sdk=iphoneos*]" = "iPhone Developer";
				FRAMEWORK_SEARCH_PATHS = "$(inherited)/**";
				HEADER_SEARCH_PATHS = "$(inherited)/**";
				INFOPLIST_FILE = "oldNYC-iOS/Info.plist";
				IPHONEOS_DEPLOYMENT_TARGET = 9.2;
				LD_RUNPATH_SEARCH_PATHS = "$(inherited) @executable_path/Frameworks";
				MACOSX_DEPLOYMENT_TARGET = 10.11;
				ONLY_ACTIVE_ARCH = NO;
				PRODUCT_BUNDLE_IDENTIFIER = "OldNYC.oldNYC-iOS.orian";
				PRODUCT_NAME = "$(TARGET_NAME)";
				PROVISIONING_PROFILE = "";
				SWIFT_OBJC_BRIDGING_HEADER = "oldNYC-iOS/oldNYC-iOS-Bridging-Header.h";
				TARGETED_DEVICE_FAMILY = 1;
				USER_HEADER_SEARCH_PATHS = "$(inherited)/**";
			};
			name = Release;
		};
/* End XCBuildConfiguration section */

/* Begin XCConfigurationList section */
		CB5783D91C41A1A300A55D30 /* Build configuration list for PBXProject "oldNYC-iOS" */ = {
			isa = XCConfigurationList;
			buildConfigurations = (
				CB5783EE1C41A1A300A55D30 /* Debug */,
				CB5783EF1C41A1A300A55D30 /* Release */,
			);
			defaultConfigurationIsVisible = 0;
			defaultConfigurationName = Release;
		};
		CB5783F01C41A1A300A55D30 /* Build configuration list for PBXNativeTarget "oldNYC-iOS" */ = {
			isa = XCConfigurationList;
			buildConfigurations = (
				CB5783F11C41A1A300A55D30 /* Debug */,
				CB5783F21C41A1A300A55D30 /* Release */,
			);
			defaultConfigurationIsVisible = 0;
			defaultConfigurationName = Release;
		};
/* End XCConfigurationList section */
	};
	rootObject = CB5783D61C41A1A300A55D30 /* Project object */;
}
